// !$*UTF8*$!
{
	archiveVersion = 1;
	classes = {
	};
	objectVersion = 46;
	objects = {

/* Begin PBXBuildFile section */
		169662BB8C3A40F5EDB00405 /* Pods_NearUIBinding.framework in Frameworks */ = {isa = PBXBuildFile; fileRef = 4B804832B1575735811A0AB4 /* Pods_NearUIBinding.framework */; };
		26441FFC1F57FA0A00A38740 /* AppColors.swift in Sources */ = {isa = PBXBuildFile; fileRef = 26441FFB1F57FA0A00A38740 /* AppColors.swift */; };
		26441FFE1F58129B00A38740 /* NITBaseViewController.swift in Sources */ = {isa = PBXBuildFile; fileRef = 26441FFD1F58129B00A38740 /* NITBaseViewController.swift */; };
		264AE6FF1F98908700AF8C48 /* NeariOSUITests.swift in Sources */ = {isa = PBXBuildFile; fileRef = 264AE6FE1F98908700AF8C48 /* NeariOSUITests.swift */; };
		264AE7011F98908700AF8C48 /* NearUIBinding.framework in Frameworks */ = {isa = PBXBuildFile; fileRef = 26CAC3031F56BB4E009DDDF2 /* NearUIBinding.framework */; };
		264AE70F1F98920F00AF8C48 /* NITFeedbackViewControllerSpec.swift in Sources */ = {isa = PBXBuildFile; fileRef = 264AE70E1F98920F00AF8C48 /* NITFeedbackViewControllerSpec.swift */; };
		264FB8C91F5D887500DC740A /* NITPermissionsManager.swift in Sources */ = {isa = PBXBuildFile; fileRef = 264FB8C81F5D887500DC740A /* NITPermissionsManager.swift */; };
		2673531920454F9600D87305 /* NITNotificationHistoryViewControllerTest.swift in Sources */ = {isa = PBXBuildFile; fileRef = 2673531820454F9600D87305 /* NITNotificationHistoryViewControllerTest.swift */; };
		26B85B031F98A02A00087BEE /* AppDelegate.swift in Sources */ = {isa = PBXBuildFile; fileRef = 26B85B021F98A02A00087BEE /* AppDelegate.swift */; };
		26B85B051F98A02A00087BEE /* ViewController.swift in Sources */ = {isa = PBXBuildFile; fileRef = 26B85B041F98A02A00087BEE /* ViewController.swift */; };
		26B85B081F98A02A00087BEE /* Main.storyboard in Resources */ = {isa = PBXBuildFile; fileRef = 26B85B061F98A02A00087BEE /* Main.storyboard */; };
		26B85B0A1F98A02A00087BEE /* Assets.xcassets in Resources */ = {isa = PBXBuildFile; fileRef = 26B85B091F98A02A00087BEE /* Assets.xcassets */; };
		26B85B0D1F98A02A00087BEE /* LaunchScreen.storyboard in Resources */ = {isa = PBXBuildFile; fileRef = 26B85B0B1F98A02A00087BEE /* LaunchScreen.storyboard */; };
		26BA349420401FEE000B7CB4 /* NITNotificationHistoryViewController.swift in Sources */ = {isa = PBXBuildFile; fileRef = 26BA349220401FEE000B7CB4 /* NITNotificationHistoryViewController.swift */; };
		26BA349520401FEE000B7CB4 /* NITNotificationHistoryViewController.xib in Resources */ = {isa = PBXBuildFile; fileRef = 26BA349320401FEE000B7CB4 /* NITNotificationHistoryViewController.xib */; };
		26BA349720402229000B7CB4 /* NITNotificationCell.swift in Sources */ = {isa = PBXBuildFile; fileRef = 26BA349620402229000B7CB4 /* NITNotificationCell.swift */; };
		26BA34992040228E000B7CB4 /* NITNotificationCell.xib in Resources */ = {isa = PBXBuildFile; fileRef = 26BA34982040228E000B7CB4 /* NITNotificationCell.xib */; };
		26CAC3081F56BB4E009DDDF2 /* Near-iOS-UI.h in Headers */ = {isa = PBXBuildFile; fileRef = 26CAC3061F56BB4E009DDDF2 /* Near-iOS-UI.h */; settings = {ATTRIBUTES = (Public, ); }; };
		26CAC3101F56C7D1009DDDF2 /* NITDialogController.swift in Sources */ = {isa = PBXBuildFile; fileRef = 26CAC30F1F56C7D1009DDDF2 /* NITDialogController.swift */; };
		26CAC3121F56C871009DDDF2 /* NITDialogController.xib in Resources */ = {isa = PBXBuildFile; fileRef = 26CAC3111F56C871009DDDF2 /* NITDialogController.xib */; };
		26CAC3381F56E996009DDDF2 /* NITPermissionsViewController.swift in Sources */ = {isa = PBXBuildFile; fileRef = 26CAC3361F56E996009DDDF2 /* NITPermissionsViewController.swift */; };
		26CAC3391F56E996009DDDF2 /* NITPermissionsViewController.xib in Resources */ = {isa = PBXBuildFile; fileRef = 26CAC3371F56E996009DDDF2 /* NITPermissionsViewController.xib */; };
		26CAC33E1F56EA46009DDDF2 /* Images.xcassets in Resources */ = {isa = PBXBuildFile; fileRef = 26CAC33D1F56EA46009DDDF2 /* Images.xcassets */; };
		381DA36621ABFCAD00D76F55 /* NITImageDownloader.swift in Sources */ = {isa = PBXBuildFile; fileRef = 381DA36521ABFCAD00D76F55 /* NITImageDownloader.swift */; };
		7093C5078BEAF5B12204F99A /* Pods_NearUIBinding.framework in Frameworks */ = {isa = PBXBuildFile; fileRef = 8A4C0C751FC46259000C9C7B /* Pods_NearUIBinding.framework */; };
		75065E4A2B183D949D1F8960 /* Pods_NearUIBinding_Tests_NeariOSUITests.framework in Frameworks */ = {isa = PBXBuildFile; fileRef = 1994DFA4FB8983EA0C6AB6BD /* Pods_NearUIBinding_Tests_NeariOSUITests.framework */; };
		8A1CEB241F826901008E9372 /* UIWindow+currentController.swift in Sources */ = {isa = PBXBuildFile; fileRef = 8A1CEB231F826901008E9372 /* UIWindow+currentController.swift */; };
		8A4C0C6E1FC42537000C9C7B /* NearUIBinding.framework in Embed Frameworks */ = {isa = PBXBuildFile; fileRef = 26CAC3031F56BB4E009DDDF2 /* NearUIBinding.framework */; settings = {ATTRIBUTES = (CodeSignOnCopy, RemoveHeadersOnCopy, ); }; };
		8A4C0C731FC42559000C9C7B /* Pods_NearUIBinding_Tests_NeariOSUITests.framework in Embed Frameworks */ = {isa = PBXBuildFile; fileRef = 1994DFA4FB8983EA0C6AB6BD /* Pods_NearUIBinding_Tests_NeariOSUITests.framework */; settings = {ATTRIBUTES = (CodeSignOnCopy, RemoveHeadersOnCopy, ); }; };
		8A4C0C761FC462A7000C9C7B /* Pods_NearUIBinding.framework in Embed Frameworks */ = {isa = PBXBuildFile; fileRef = 8A4C0C751FC46259000C9C7B /* Pods_NearUIBinding.framework */; settings = {ATTRIBUTES = (CodeSignOnCopy, RemoveHeadersOnCopy, ); }; };
		8A4E89331F94FE92002BCAB6 /* NITFeedbackViewController.xib in Resources */ = {isa = PBXBuildFile; fileRef = 8A4E89321F94FE92002BCAB6 /* NITFeedbackViewController.xib */; };
		8A4E89351F9507A7002BCAB6 /* NITFeedbackViewController.swift in Sources */ = {isa = PBXBuildFile; fileRef = 8A4E89341F9507A7002BCAB6 /* NITFeedbackViewController.swift */; };
		8A581EA21FBDF79F00FBA96A /* NITPermissionViewSpec.swift in Sources */ = {isa = PBXBuildFile; fileRef = 8A581EA11FBDF79F00FBA96A /* NITPermissionViewSpec.swift */; };
		8A5ECD5D1FB982DE00C099BB /* NITCouponListViewController.xib in Resources */ = {isa = PBXBuildFile; fileRef = 8A5ECD5C1FB982DE00C099BB /* NITCouponListViewController.xib */; };
		8A5ECD5F1FB983CA00C099BB /* NITCouponCell.xib in Resources */ = {isa = PBXBuildFile; fileRef = 8A5ECD5E1FB983CA00C099BB /* NITCouponCell.xib */; };
		8A5ECD611FB9868200C099BB /* NITCouponListViewController.swift in Sources */ = {isa = PBXBuildFile; fileRef = 8A5ECD601FB9868200C099BB /* NITCouponListViewController.swift */; };
		8A5ECD631FB9A0B500C099BB /* NITCouponCell.swift in Sources */ = {isa = PBXBuildFile; fileRef = 8A5ECD621FB9A0B500C099BB /* NITCouponCell.swift */; };
		8A5ECD651FBC2DF300C099BB /* NITCouponListViewControllerSpec.swift in Sources */ = {isa = PBXBuildFile; fileRef = 8A5ECD641FBC2DF200C099BB /* NITCouponListViewControllerSpec.swift */; };
		8A636A001FBC8D99000C6EBF /* NITPermissionsView.xib in Resources */ = {isa = PBXBuildFile; fileRef = 8A6369FF1FBC8D98000C6EBF /* NITPermissionsView.xib */; };
		8A636A021FBC8E49000C6EBF /* NITPermissionsView.swift in Sources */ = {isa = PBXBuildFile; fileRef = 8A636A011FBC8E49000C6EBF /* NITPermissionsView.swift */; };
		8A6AF9CD1F9E408100FA9D4B /* NITCouponViewController.swift in Sources */ = {isa = PBXBuildFile; fileRef = 8A6AF9CB1F9E407F00FA9D4B /* NITCouponViewController.swift */; };
		8A6AF9CE1F9E408100FA9D4B /* NITCouponViewController.xib in Resources */ = {isa = PBXBuildFile; fileRef = 8A6AF9CC1F9E408000FA9D4B /* NITCouponViewController.xib */; };
		8A6BE7CE1FC0A09F00678C21 /* Bundle+framework.swift in Sources */ = {isa = PBXBuildFile; fileRef = 8A6BE7CD1FC0A09F00678C21 /* Bundle+framework.swift */; };
		8AAB7C0D1FB0D73300D594D9 /* NITContentViewControllerSpec.swift in Sources */ = {isa = PBXBuildFile; fileRef = 8AAB7C0C1FB0D73300D594D9 /* NITContentViewControllerSpec.swift */; };
		8AAB7C101FB3532400D594D9 /* content.json in Resources */ = {isa = PBXBuildFile; fileRef = 8AAB7C0F1FB3532400D594D9 /* content.json */; };
		8AAB7C111FB3552C00D594D9 /* content.json in Resources */ = {isa = PBXBuildFile; fileRef = 8AAB7C0F1FB3532400D594D9 /* content.json */; };
		8AD1900B1FA9E08C00D03836 /* NITWKWebViewContainer.swift in Sources */ = {isa = PBXBuildFile; fileRef = 8AD1900A1FA9E08C00D03836 /* NITWKWebViewContainer.swift */; };
		8AE08CDC1FA7817B00710B0B /* NITCoupon+ui.swift in Sources */ = {isa = PBXBuildFile; fileRef = 8AE08CDB1FA7817B00710B0B /* NITCoupon+ui.swift */; };
		8AE08CDE1FA80C4600710B0B /* NITCouponViewControllerSpec.swift in Sources */ = {isa = PBXBuildFile; fileRef = 8AE08CDD1FA80C4600710B0B /* NITCouponViewControllerSpec.swift */; };
		8AE08CE11FA8715100710B0B /* NITContentViewController.swift in Sources */ = {isa = PBXBuildFile; fileRef = 8AE08CDF1FA8715100710B0B /* NITContentViewController.swift */; };
		8AE08CE21FA8715100710B0B /* NITContentViewController.xib in Resources */ = {isa = PBXBuildFile; fileRef = 8AE08CE01FA8715100710B0B /* NITContentViewController.xib */; };
		8AF9E5131FC322EC00ED0057 /* NITPermissionButton.swift in Sources */ = {isa = PBXBuildFile; fileRef = 8AF9E5121FC322EC00ED0057 /* NITPermissionButton.swift */; };
		D71F1F392187236E0016BD1D /* how-to-release.md in Resources */ = {isa = PBXBuildFile; fileRef = D71F1F382187236E0016BD1D /* how-to-release.md */; };
		D72E149B23F3FE7A006E7FAD /* NITCouponViewController+UI.swift in Sources */ = {isa = PBXBuildFile; fileRef = D72E149A23F3FE7A006E7FAD /* NITCouponViewController+UI.swift */; };
		D72E149C23F45907006E7FAD /* NearUIBinding.strings in Resources */ = {isa = PBXBuildFile; fileRef = D72E149E23F45907006E7FAD /* NearUIBinding.strings */; };
		D7478168228330AB00139EB2 /* NearManager+UI.swift in Sources */ = {isa = PBXBuildFile; fileRef = D7478167228330AB00139EB2 /* NearManager+UI.swift */; };
		D774892223F2CDE500A13F2A /* String+NearUIBinding.swift in Sources */ = {isa = PBXBuildFile; fileRef = D774892123F2CDE500A13F2A /* String+NearUIBinding.swift */; };
		D77EF6EF20FCA73B00198922 /* NITMultilineButton.swift in Sources */ = {isa = PBXBuildFile; fileRef = D77EF6EE20FCA73B00198922 /* NITMultilineButton.swift */; };
		D77EF6F120FCAA1400198922 /* NITMultilineButton.xib in Resources */ = {isa = PBXBuildFile; fileRef = D77EF6F020FCAA1400198922 /* NITMultilineButton.xib */; };
		D77EF6F320FCF6A600198922 /* NITPermissionBarButton.swift in Sources */ = {isa = PBXBuildFile; fileRef = D77EF6F220FCF6A600198922 /* NITPermissionBarButton.swift */; };
		D7B0C7D820EB6CA30076FA92 /* NITUIAppearance.swift in Sources */ = {isa = PBXBuildFile; fileRef = D7B0C7D720EB6CA30076FA92 /* NITUIAppearance.swift */; };
/* End PBXBuildFile section */

/* Begin PBXContainerItemProxy section */
		264AE7021F98908700AF8C48 /* PBXContainerItemProxy */ = {
			isa = PBXContainerItemProxy;
			containerPortal = 26CAC2FA1F56BB4E009DDDF2 /* Project object */;
			proxyType = 1;
			remoteGlobalIDString = 26CAC3021F56BB4E009DDDF2;
			remoteInfo = NeariOSUI;
		};
		26B85B121F98A03000087BEE /* PBXContainerItemProxy */ = {
			isa = PBXContainerItemProxy;
			containerPortal = 26CAC2FA1F56BB4E009DDDF2 /* Project object */;
			proxyType = 1;
			remoteGlobalIDString = 26B85AFF1F98A02A00087BEE;
			remoteInfo = UIHostApplication;
		};
		8A4C0C6F1FC42537000C9C7B /* PBXContainerItemProxy */ = {
			isa = PBXContainerItemProxy;
			containerPortal = 26CAC2FA1F56BB4E009DDDF2 /* Project object */;
			proxyType = 1;
			remoteGlobalIDString = 26CAC3021F56BB4E009DDDF2;
			remoteInfo = NearUIBinding;
		};
/* End PBXContainerItemProxy section */

/* Begin PBXCopyFilesBuildPhase section */
		264AE7091F9890AB00AF8C48 /* CopyFiles */ = {
			isa = PBXCopyFilesBuildPhase;
			buildActionMask = 2147483647;
			dstPath = "";
			dstSubfolderSpec = 10;
			files = (
			);
			runOnlyForDeploymentPostprocessing = 0;
		};
		8A4C0C711FC42537000C9C7B /* Embed Frameworks */ = {
			isa = PBXCopyFilesBuildPhase;
			buildActionMask = 2147483647;
			dstPath = "";
			dstSubfolderSpec = 10;
			files = (
				8A4C0C761FC462A7000C9C7B /* Pods_NearUIBinding.framework in Embed Frameworks */,
				8A4C0C731FC42559000C9C7B /* Pods_NearUIBinding_Tests_NeariOSUITests.framework in Embed Frameworks */,
				8A4C0C6E1FC42537000C9C7B /* NearUIBinding.framework in Embed Frameworks */,
			);
			name = "Embed Frameworks";
			runOnlyForDeploymentPostprocessing = 0;
		};
/* End PBXCopyFilesBuildPhase section */

/* Begin PBXFileReference section */
		1949DA133764D614D26A00D9 /* Pods-NearUIBinding.release.xcconfig */ = {isa = PBXFileReference; includeInIndex = 1; lastKnownFileType = text.xcconfig; name = "Pods-NearUIBinding.release.xcconfig"; path = "../Pods/Target Support Files/Pods-NearUIBinding/Pods-NearUIBinding.release.xcconfig"; sourceTree = "<group>"; };
		1994DFA4FB8983EA0C6AB6BD /* Pods_NearUIBinding_Tests_NeariOSUITests.framework */ = {isa = PBXFileReference; explicitFileType = wrapper.framework; includeInIndex = 0; path = Pods_NearUIBinding_Tests_NeariOSUITests.framework; sourceTree = BUILT_PRODUCTS_DIR; };
		26441FFB1F57FA0A00A38740 /* AppColors.swift */ = {isa = PBXFileReference; fileEncoding = 4; lastKnownFileType = sourcecode.swift; path = AppColors.swift; sourceTree = "<group>"; };
		26441FFD1F58129B00A38740 /* NITBaseViewController.swift */ = {isa = PBXFileReference; fileEncoding = 4; lastKnownFileType = sourcecode.swift; path = NITBaseViewController.swift; sourceTree = "<group>"; };
		264AE6FC1F98908700AF8C48 /* NeariOSUITests.xctest */ = {isa = PBXFileReference; explicitFileType = wrapper.cfbundle; includeInIndex = 0; path = NeariOSUITests.xctest; sourceTree = BUILT_PRODUCTS_DIR; };
		264AE6FE1F98908700AF8C48 /* NeariOSUITests.swift */ = {isa = PBXFileReference; lastKnownFileType = sourcecode.swift; path = NeariOSUITests.swift; sourceTree = "<group>"; };
		264AE7001F98908700AF8C48 /* Info.plist */ = {isa = PBXFileReference; lastKnownFileType = text.plist.xml; path = Info.plist; sourceTree = "<group>"; };
		264AE70E1F98920F00AF8C48 /* NITFeedbackViewControllerSpec.swift */ = {isa = PBXFileReference; lastKnownFileType = sourcecode.swift; path = NITFeedbackViewControllerSpec.swift; sourceTree = "<group>"; };
		264FB8C81F5D887500DC740A /* NITPermissionsManager.swift */ = {isa = PBXFileReference; fileEncoding = 4; lastKnownFileType = sourcecode.swift; path = NITPermissionsManager.swift; sourceTree = "<group>"; };
		2673531820454F9600D87305 /* NITNotificationHistoryViewControllerTest.swift */ = {isa = PBXFileReference; lastKnownFileType = sourcecode.swift; path = NITNotificationHistoryViewControllerTest.swift; sourceTree = "<group>"; };
		26B85B001F98A02A00087BEE /* UIHostApplication.app */ = {isa = PBXFileReference; explicitFileType = wrapper.application; includeInIndex = 0; path = UIHostApplication.app; sourceTree = BUILT_PRODUCTS_DIR; };
		26B85B021F98A02A00087BEE /* AppDelegate.swift */ = {isa = PBXFileReference; lastKnownFileType = sourcecode.swift; path = AppDelegate.swift; sourceTree = "<group>"; };
		26B85B041F98A02A00087BEE /* ViewController.swift */ = {isa = PBXFileReference; lastKnownFileType = sourcecode.swift; path = ViewController.swift; sourceTree = "<group>"; };
		26B85B071F98A02A00087BEE /* Base */ = {isa = PBXFileReference; lastKnownFileType = file.storyboard; name = Base; path = Base.lproj/Main.storyboard; sourceTree = "<group>"; };
		26B85B091F98A02A00087BEE /* Assets.xcassets */ = {isa = PBXFileReference; lastKnownFileType = folder.assetcatalog; path = Assets.xcassets; sourceTree = "<group>"; };
		26B85B0C1F98A02A00087BEE /* Base */ = {isa = PBXFileReference; lastKnownFileType = file.storyboard; name = Base; path = Base.lproj/LaunchScreen.storyboard; sourceTree = "<group>"; };
		26B85B0E1F98A02A00087BEE /* Info.plist */ = {isa = PBXFileReference; lastKnownFileType = text.plist.xml; path = Info.plist; sourceTree = "<group>"; };
		26BA349020401B99000B7CB4 /* Podfile */ = {isa = PBXFileReference; lastKnownFileType = text; name = Podfile; path = ../Podfile; sourceTree = "<group>"; xcLanguageSpecificationIdentifier = xcode.lang.ruby; };
		26BA349120401C7D000B7CB4 /* NearUIBinding.podspec */ = {isa = PBXFileReference; lastKnownFileType = text; name = NearUIBinding.podspec; path = ../NearUIBinding.podspec; sourceTree = "<group>"; xcLanguageSpecificationIdentifier = xcode.lang.ruby; };
		26BA349220401FEE000B7CB4 /* NITNotificationHistoryViewController.swift */ = {isa = PBXFileReference; lastKnownFileType = sourcecode.swift; path = NITNotificationHistoryViewController.swift; sourceTree = "<group>"; };
		26BA349320401FEE000B7CB4 /* NITNotificationHistoryViewController.xib */ = {isa = PBXFileReference; lastKnownFileType = file.xib; path = NITNotificationHistoryViewController.xib; sourceTree = "<group>"; };
		26BA349620402229000B7CB4 /* NITNotificationCell.swift */ = {isa = PBXFileReference; lastKnownFileType = sourcecode.swift; path = NITNotificationCell.swift; sourceTree = "<group>"; };
		26BA34982040228E000B7CB4 /* NITNotificationCell.xib */ = {isa = PBXFileReference; lastKnownFileType = file.xib; path = NITNotificationCell.xib; sourceTree = "<group>"; };
		26CAC3031F56BB4E009DDDF2 /* NearUIBinding.framework */ = {isa = PBXFileReference; explicitFileType = wrapper.framework; includeInIndex = 0; path = NearUIBinding.framework; sourceTree = BUILT_PRODUCTS_DIR; };
		26CAC3061F56BB4E009DDDF2 /* Near-iOS-UI.h */ = {isa = PBXFileReference; lastKnownFileType = sourcecode.c.h; path = "Near-iOS-UI.h"; sourceTree = "<group>"; };
		26CAC3071F56BB4E009DDDF2 /* Info.plist */ = {isa = PBXFileReference; lastKnownFileType = text.plist.xml; path = Info.plist; sourceTree = "<group>"; };
		26CAC30F1F56C7D1009DDDF2 /* NITDialogController.swift */ = {isa = PBXFileReference; fileEncoding = 4; lastKnownFileType = sourcecode.swift; path = NITDialogController.swift; sourceTree = "<group>"; };
		26CAC3111F56C871009DDDF2 /* NITDialogController.xib */ = {isa = PBXFileReference; fileEncoding = 4; lastKnownFileType = file.xib; path = NITDialogController.xib; sourceTree = "<group>"; };
		26CAC3361F56E996009DDDF2 /* NITPermissionsViewController.swift */ = {isa = PBXFileReference; fileEncoding = 4; lastKnownFileType = sourcecode.swift; path = NITPermissionsViewController.swift; sourceTree = "<group>"; };
		26CAC3371F56E996009DDDF2 /* NITPermissionsViewController.xib */ = {isa = PBXFileReference; fileEncoding = 4; lastKnownFileType = file.xib; path = NITPermissionsViewController.xib; sourceTree = "<group>"; };
		26CAC33D1F56EA46009DDDF2 /* Images.xcassets */ = {isa = PBXFileReference; lastKnownFileType = folder.assetcatalog; path = Images.xcassets; sourceTree = "<group>"; };
		376B237DDB741B8CE878D3C5 /* Pods_NeariOSUI_Tests_NeariOSUITests.framework */ = {isa = PBXFileReference; explicitFileType = wrapper.framework; includeInIndex = 0; path = Pods_NeariOSUI_Tests_NeariOSUITests.framework; sourceTree = BUILT_PRODUCTS_DIR; };
		381DA36521ABFCAD00D76F55 /* NITImageDownloader.swift */ = {isa = PBXFileReference; lastKnownFileType = sourcecode.swift; path = NITImageDownloader.swift; sourceTree = "<group>"; };
		45CDDA549B63BD4D8A003D04 /* Pods-NeariOSUI.release.xcconfig */ = {isa = PBXFileReference; includeInIndex = 1; lastKnownFileType = text.xcconfig; name = "Pods-NeariOSUI.release.xcconfig"; path = "../Pods/Target Support Files/Pods-NeariOSUI/Pods-NeariOSUI.release.xcconfig"; sourceTree = "<group>"; };
		4B804832B1575735811A0AB4 /* Pods_NearUIBinding.framework */ = {isa = PBXFileReference; explicitFileType = wrapper.framework; includeInIndex = 0; path = Pods_NearUIBinding.framework; sourceTree = BUILT_PRODUCTS_DIR; };
		54D48AA3B698890E9D96D476 /* Pods-NearUIBinding.debug.xcconfig */ = {isa = PBXFileReference; includeInIndex = 1; lastKnownFileType = text.xcconfig; name = "Pods-NearUIBinding.debug.xcconfig"; path = "../Pods/Target Support Files/Pods-NearUIBinding/Pods-NearUIBinding.debug.xcconfig"; sourceTree = "<group>"; };
		5867581EFDECF062270F7602 /* Pods-NeariOSUI-Tests-NeariOSUITests.release.xcconfig */ = {isa = PBXFileReference; includeInIndex = 1; lastKnownFileType = text.xcconfig; name = "Pods-NeariOSUI-Tests-NeariOSUITests.release.xcconfig"; path = "../Pods/Target Support Files/Pods-NeariOSUI-Tests-NeariOSUITests/Pods-NeariOSUI-Tests-NeariOSUITests.release.xcconfig"; sourceTree = "<group>"; };
		5A814E4C210F668822AAB347 /* Pods_NeariOSUI.framework */ = {isa = PBXFileReference; explicitFileType = wrapper.framework; includeInIndex = 0; path = Pods_NeariOSUI.framework; sourceTree = BUILT_PRODUCTS_DIR; };
		624F80877B841EBACBBEC2AA /* Pods-NeariOSUI-Tests-NeariOSUITests.debug.xcconfig */ = {isa = PBXFileReference; includeInIndex = 1; lastKnownFileType = text.xcconfig; name = "Pods-NeariOSUI-Tests-NeariOSUITests.debug.xcconfig"; path = "../Pods/Target Support Files/Pods-NeariOSUI-Tests-NeariOSUITests/Pods-NeariOSUI-Tests-NeariOSUITests.debug.xcconfig"; sourceTree = "<group>"; };
		7B8309578D2CCE61B3E552D2 /* Pods-NeariOSUI.debug.xcconfig */ = {isa = PBXFileReference; includeInIndex = 1; lastKnownFileType = text.xcconfig; name = "Pods-NeariOSUI.debug.xcconfig"; path = "../Pods/Target Support Files/Pods-NeariOSUI/Pods-NeariOSUI.debug.xcconfig"; sourceTree = "<group>"; };
		8A1CEB231F826901008E9372 /* UIWindow+currentController.swift */ = {isa = PBXFileReference; lastKnownFileType = sourcecode.swift; path = "UIWindow+currentController.swift"; sourceTree = "<group>"; };
		8A4C0C751FC46259000C9C7B /* Pods_NearUIBinding.framework */ = {isa = PBXFileReference; explicitFileType = wrapper.framework; path = Pods_NearUIBinding.framework; sourceTree = BUILT_PRODUCTS_DIR; };
		8A4E89321F94FE92002BCAB6 /* NITFeedbackViewController.xib */ = {isa = PBXFileReference; fileEncoding = 4; lastKnownFileType = file.xib; path = NITFeedbackViewController.xib; sourceTree = "<group>"; };
		8A4E89341F9507A7002BCAB6 /* NITFeedbackViewController.swift */ = {isa = PBXFileReference; lastKnownFileType = sourcecode.swift; path = NITFeedbackViewController.swift; sourceTree = "<group>"; };
		8A581EA11FBDF79F00FBA96A /* NITPermissionViewSpec.swift */ = {isa = PBXFileReference; lastKnownFileType = sourcecode.swift; name = NITPermissionViewSpec.swift; path = NeariOSUITests/NITPermissionViewSpec.swift; sourceTree = SOURCE_ROOT; };
		8A5ECD5C1FB982DE00C099BB /* NITCouponListViewController.xib */ = {isa = PBXFileReference; fileEncoding = 4; lastKnownFileType = file.xib; path = NITCouponListViewController.xib; sourceTree = "<group>"; };
		8A5ECD5E1FB983CA00C099BB /* NITCouponCell.xib */ = {isa = PBXFileReference; fileEncoding = 4; lastKnownFileType = file.xib; path = NITCouponCell.xib; sourceTree = "<group>"; };
		8A5ECD601FB9868200C099BB /* NITCouponListViewController.swift */ = {isa = PBXFileReference; lastKnownFileType = sourcecode.swift; path = NITCouponListViewController.swift; sourceTree = "<group>"; };
		8A5ECD621FB9A0B500C099BB /* NITCouponCell.swift */ = {isa = PBXFileReference; lastKnownFileType = sourcecode.swift; path = NITCouponCell.swift; sourceTree = "<group>"; };
		8A5ECD641FBC2DF200C099BB /* NITCouponListViewControllerSpec.swift */ = {isa = PBXFileReference; lastKnownFileType = sourcecode.swift; path = NITCouponListViewControllerSpec.swift; sourceTree = "<group>"; };
		8A6369FF1FBC8D98000C6EBF /* NITPermissionsView.xib */ = {isa = PBXFileReference; fileEncoding = 4; lastKnownFileType = file.xib; path = NITPermissionsView.xib; sourceTree = "<group>"; };
		8A636A011FBC8E49000C6EBF /* NITPermissionsView.swift */ = {isa = PBXFileReference; lastKnownFileType = sourcecode.swift; path = NITPermissionsView.swift; sourceTree = "<group>"; };
		8A6AF9CB1F9E407F00FA9D4B /* NITCouponViewController.swift */ = {isa = PBXFileReference; fileEncoding = 4; lastKnownFileType = sourcecode.swift; path = NITCouponViewController.swift; sourceTree = "<group>"; };
		8A6AF9CC1F9E408000FA9D4B /* NITCouponViewController.xib */ = {isa = PBXFileReference; fileEncoding = 4; lastKnownFileType = file.xib; path = NITCouponViewController.xib; sourceTree = "<group>"; };
		8A6BE7CD1FC0A09F00678C21 /* Bundle+framework.swift */ = {isa = PBXFileReference; lastKnownFileType = sourcecode.swift; path = "Bundle+framework.swift"; sourceTree = "<group>"; };
		8AAB7C0C1FB0D73300D594D9 /* NITContentViewControllerSpec.swift */ = {isa = PBXFileReference; lastKnownFileType = sourcecode.swift; path = NITContentViewControllerSpec.swift; sourceTree = "<group>"; };
		8AAB7C0F1FB3532400D594D9 /* content.json */ = {isa = PBXFileReference; lastKnownFileType = text.json; path = content.json; sourceTree = "<group>"; };
		8AD1900A1FA9E08C00D03836 /* NITWKWebViewContainer.swift */ = {isa = PBXFileReference; lastKnownFileType = sourcecode.swift; path = NITWKWebViewContainer.swift; sourceTree = "<group>"; };
		8AE08CDB1FA7817B00710B0B /* NITCoupon+ui.swift */ = {isa = PBXFileReference; lastKnownFileType = sourcecode.swift; path = "NITCoupon+ui.swift"; sourceTree = "<group>"; };
		8AE08CDD1FA80C4600710B0B /* NITCouponViewControllerSpec.swift */ = {isa = PBXFileReference; lastKnownFileType = sourcecode.swift; path = NITCouponViewControllerSpec.swift; sourceTree = "<group>"; };
		8AE08CDF1FA8715100710B0B /* NITContentViewController.swift */ = {isa = PBXFileReference; fileEncoding = 4; lastKnownFileType = sourcecode.swift; path = NITContentViewController.swift; sourceTree = "<group>"; };
		8AE08CE01FA8715100710B0B /* NITContentViewController.xib */ = {isa = PBXFileReference; fileEncoding = 4; lastKnownFileType = file.xib; path = NITContentViewController.xib; sourceTree = "<group>"; };
		8AF9E5121FC322EC00ED0057 /* NITPermissionButton.swift */ = {isa = PBXFileReference; lastKnownFileType = sourcecode.swift; path = NITPermissionButton.swift; sourceTree = "<group>"; };
		D70E09B521B7C9530073D0C0 /* changelog.md */ = {isa = PBXFileReference; lastKnownFileType = net.daringfireball.markdown; path = changelog.md; sourceTree = "<group>"; };
		D71F1F382187236E0016BD1D /* how-to-release.md */ = {isa = PBXFileReference; fileEncoding = 4; lastKnownFileType = net.daringfireball.markdown; name = "how-to-release.md"; path = "../how-to-release.md"; sourceTree = "<group>"; };
		D72E149A23F3FE7A006E7FAD /* NITCouponViewController+UI.swift */ = {isa = PBXFileReference; lastKnownFileType = sourcecode.swift; path = "NITCouponViewController+UI.swift"; sourceTree = "<group>"; };
		D72E149D23F45907006E7FAD /* en */ = {isa = PBXFileReference; lastKnownFileType = text.plist.strings; name = en; path = en.lproj/NearUIBinding.strings; sourceTree = "<group>"; };
		D7478167228330AB00139EB2 /* NearManager+UI.swift */ = {isa = PBXFileReference; lastKnownFileType = sourcecode.swift; path = "NearManager+UI.swift"; sourceTree = "<group>"; };
		D774892123F2CDE500A13F2A /* String+NearUIBinding.swift */ = {isa = PBXFileReference; lastKnownFileType = sourcecode.swift; path = "String+NearUIBinding.swift"; sourceTree = "<group>"; };
		D77EF6EE20FCA73B00198922 /* NITMultilineButton.swift */ = {isa = PBXFileReference; lastKnownFileType = sourcecode.swift; path = NITMultilineButton.swift; sourceTree = "<group>"; };
		D77EF6F020FCAA1400198922 /* NITMultilineButton.xib */ = {isa = PBXFileReference; lastKnownFileType = file.xib; path = NITMultilineButton.xib; sourceTree = "<group>"; };
		D77EF6F220FCF6A600198922 /* NITPermissionBarButton.swift */ = {isa = PBXFileReference; lastKnownFileType = sourcecode.swift; path = NITPermissionBarButton.swift; sourceTree = "<group>"; };
		D7B0C7D720EB6CA30076FA92 /* NITUIAppearance.swift */ = {isa = PBXFileReference; lastKnownFileType = sourcecode.swift; path = NITUIAppearance.swift; sourceTree = "<group>"; };
		D859458097C3BBE84F88ADBE /* Pods-NearUIBinding-Tests-NeariOSUITests.release.xcconfig */ = {isa = PBXFileReference; includeInIndex = 1; lastKnownFileType = text.xcconfig; name = "Pods-NearUIBinding-Tests-NeariOSUITests.release.xcconfig"; path = "../Pods/Target Support Files/Pods-NearUIBinding-Tests-NeariOSUITests/Pods-NearUIBinding-Tests-NeariOSUITests.release.xcconfig"; sourceTree = "<group>"; };
		F8AB7D394C663472BFB8DF6E /* Pods-NearUIBinding-Tests-NeariOSUITests.debug.xcconfig */ = {isa = PBXFileReference; includeInIndex = 1; lastKnownFileType = text.xcconfig; name = "Pods-NearUIBinding-Tests-NeariOSUITests.debug.xcconfig"; path = "../Pods/Target Support Files/Pods-NearUIBinding-Tests-NeariOSUITests/Pods-NearUIBinding-Tests-NeariOSUITests.debug.xcconfig"; sourceTree = "<group>"; };
/* End PBXFileReference section */

/* Begin PBXFrameworksBuildPhase section */
		264AE6F91F98908700AF8C48 /* Frameworks */ = {
			isa = PBXFrameworksBuildPhase;
			buildActionMask = 2147483647;
			files = (
				264AE7011F98908700AF8C48 /* NearUIBinding.framework in Frameworks */,
				75065E4A2B183D949D1F8960 /* Pods_NearUIBinding_Tests_NeariOSUITests.framework in Frameworks */,
			);
			runOnlyForDeploymentPostprocessing = 0;
		};
		26B85AFD1F98A02A00087BEE /* Frameworks */ = {
			isa = PBXFrameworksBuildPhase;
			buildActionMask = 2147483647;
			files = (
			);
			runOnlyForDeploymentPostprocessing = 0;
		};
		26CAC2FF1F56BB4E009DDDF2 /* Frameworks */ = {
			isa = PBXFrameworksBuildPhase;
			buildActionMask = 2147483647;
			files = (
				169662BB8C3A40F5EDB00405 /* Pods_NearUIBinding.framework in Frameworks */,
				7093C5078BEAF5B12204F99A /* Pods_NearUIBinding.framework in Frameworks */,
			);
			runOnlyForDeploymentPostprocessing = 0;
		};
/* End PBXFrameworksBuildPhase section */

/* Begin PBXGroup section */
		1B6CFF9321523FE0D79D5A70 /* Frameworks */ = {
			isa = PBXGroup;
			children = (
				8A4C0C751FC46259000C9C7B /* Pods_NearUIBinding.framework */,
				5A814E4C210F668822AAB347 /* Pods_NeariOSUI.framework */,
				376B237DDB741B8CE878D3C5 /* Pods_NeariOSUI_Tests_NeariOSUITests.framework */,
				4B804832B1575735811A0AB4 /* Pods_NearUIBinding.framework */,
				1994DFA4FB8983EA0C6AB6BD /* Pods_NearUIBinding_Tests_NeariOSUITests.framework */,
			);
			name = Frameworks;
			sourceTree = "<group>";
		};
		26441FFA1F57F9EE00A38740 /* Utils */ = {
			isa = PBXGroup;
			children = (
				D7478167228330AB00139EB2 /* NearManager+UI.swift */,
				26441FFB1F57FA0A00A38740 /* AppColors.swift */,
				8A1CEB231F826901008E9372 /* UIWindow+currentController.swift */,
				8AE08CDB1FA7817B00710B0B /* NITCoupon+ui.swift */,
				8AD1900A1FA9E08C00D03836 /* NITWKWebViewContainer.swift */,
				8A6BE7CD1FC0A09F00678C21 /* Bundle+framework.swift */,
				D774892123F2CDE500A13F2A /* String+NearUIBinding.swift */,
			);
			name = Utils;
			sourceTree = "<group>";
		};
		264AE6FD1F98908700AF8C48 /* NeariOSUITests */ = {
			isa = PBXGroup;
			children = (
				8AAB7C0E1FB352F400D594D9 /* fixtures */,
				264AE6FE1F98908700AF8C48 /* NeariOSUITests.swift */,
				264AE7001F98908700AF8C48 /* Info.plist */,
				8A581EA11FBDF79F00FBA96A /* NITPermissionViewSpec.swift */,
				264AE70E1F98920F00AF8C48 /* NITFeedbackViewControllerSpec.swift */,
				8AE08CDD1FA80C4600710B0B /* NITCouponViewControllerSpec.swift */,
				8AAB7C0C1FB0D73300D594D9 /* NITContentViewControllerSpec.swift */,
				8A5ECD641FBC2DF200C099BB /* NITCouponListViewControllerSpec.swift */,
				2673531820454F9600D87305 /* NITNotificationHistoryViewControllerTest.swift */,
			);
			path = NeariOSUITests;
			sourceTree = "<group>";
		};
		264FB8C31F5D884200DC740A /* Classes */ = {
			isa = PBXGroup;
			children = (
				8A6369FF1FBC8D98000C6EBF /* NITPermissionsView.xib */,
				8A636A011FBC8E49000C6EBF /* NITPermissionsView.swift */,
				264FB8C81F5D887500DC740A /* NITPermissionsManager.swift */,
				8A5ECD621FB9A0B500C099BB /* NITCouponCell.swift */,
				8A5ECD5E1FB983CA00C099BB /* NITCouponCell.xib */,
				8AF9E5121FC322EC00ED0057 /* NITPermissionButton.swift */,
				26BA349620402229000B7CB4 /* NITNotificationCell.swift */,
				26BA34982040228E000B7CB4 /* NITNotificationCell.xib */,
				D7B0C7D720EB6CA30076FA92 /* NITUIAppearance.swift */,
				D77EF6EE20FCA73B00198922 /* NITMultilineButton.swift */,
				D77EF6F020FCAA1400198922 /* NITMultilineButton.xib */,
				D77EF6F220FCF6A600198922 /* NITPermissionBarButton.swift */,
				381DA36521ABFCAD00D76F55 /* NITImageDownloader.swift */,
			);
			path = Classes;
			sourceTree = "<group>";
		};
		26B85B011F98A02A00087BEE /* UIHostApplication */ = {
			isa = PBXGroup;
			children = (
				26B85B021F98A02A00087BEE /* AppDelegate.swift */,
				26B85B041F98A02A00087BEE /* ViewController.swift */,
				26B85B061F98A02A00087BEE /* Main.storyboard */,
				26B85B091F98A02A00087BEE /* Assets.xcassets */,
				26B85B0B1F98A02A00087BEE /* LaunchScreen.storyboard */,
				26B85B0E1F98A02A00087BEE /* Info.plist */,
			);
			path = UIHostApplication;
			sourceTree = "<group>";
		};
		26CAC2F91F56BB4E009DDDF2 = {
			isa = PBXGroup;
			children = (
				D70E09B521B7C9530073D0C0 /* changelog.md */,
				D71F1F382187236E0016BD1D /* how-to-release.md */,
				26BA349020401B99000B7CB4 /* Podfile */,
				26BA349120401C7D000B7CB4 /* NearUIBinding.podspec */,
				26CAC3051F56BB4E009DDDF2 /* Near-iOS-UI */,
				264AE6FD1F98908700AF8C48 /* NeariOSUITests */,
				26B85B011F98A02A00087BEE /* UIHostApplication */,
				26CAC3041F56BB4E009DDDF2 /* Products */,
				AEDDC17781B942BF030869BC /* Pods */,
				1B6CFF9321523FE0D79D5A70 /* Frameworks */,
			);
			sourceTree = "<group>";
		};
		26CAC3041F56BB4E009DDDF2 /* Products */ = {
			isa = PBXGroup;
			children = (
				26CAC3031F56BB4E009DDDF2 /* NearUIBinding.framework */,
				264AE6FC1F98908700AF8C48 /* NeariOSUITests.xctest */,
				26B85B001F98A02A00087BEE /* UIHostApplication.app */,
			);
			name = Products;
			sourceTree = "<group>";
		};
		26CAC3051F56BB4E009DDDF2 /* Near-iOS-UI */ = {
			isa = PBXGroup;
			children = (
				264FB8C31F5D884200DC740A /* Classes */,
				26CAC33A1F56EA02009DDDF2 /* Resources */,
				26CAC30E1F56BB60009DDDF2 /* View Controllers */,
				26441FFA1F57F9EE00A38740 /* Utils */,
				26CAC3061F56BB4E009DDDF2 /* Near-iOS-UI.h */,
				26CAC3071F56BB4E009DDDF2 /* Info.plist */,
			);
			path = "Near-iOS-UI";
			sourceTree = "<group>";
		};
		26CAC30E1F56BB60009DDDF2 /* View Controllers */ = {
			isa = PBXGroup;
			children = (
				8A5ECD601FB9868200C099BB /* NITCouponListViewController.swift */,
				8A5ECD5C1FB982DE00C099BB /* NITCouponListViewController.xib */,
				26441FFD1F58129B00A38740 /* NITBaseViewController.swift */,
				8AE08CDF1FA8715100710B0B /* NITContentViewController.swift */,
				8AE08CE01FA8715100710B0B /* NITContentViewController.xib */,
				8A6AF9CB1F9E407F00FA9D4B /* NITCouponViewController.swift */,
				D72E149A23F3FE7A006E7FAD /* NITCouponViewController+UI.swift */,
				8A6AF9CC1F9E408000FA9D4B /* NITCouponViewController.xib */,
				26CAC30F1F56C7D1009DDDF2 /* NITDialogController.swift */,
				26CAC3111F56C871009DDDF2 /* NITDialogController.xib */,
				8A4E89341F9507A7002BCAB6 /* NITFeedbackViewController.swift */,
				8A4E89321F94FE92002BCAB6 /* NITFeedbackViewController.xib */,
				26CAC3361F56E996009DDDF2 /* NITPermissionsViewController.swift */,
				26CAC3371F56E996009DDDF2 /* NITPermissionsViewController.xib */,
				26BA349220401FEE000B7CB4 /* NITNotificationHistoryViewController.swift */,
				26BA349320401FEE000B7CB4 /* NITNotificationHistoryViewController.xib */,
			);
			name = "View Controllers";
			sourceTree = "<group>";
		};
		26CAC33A1F56EA02009DDDF2 /* Resources */ = {
			isa = PBXGroup;
			children = (
				26CAC33D1F56EA46009DDDF2 /* Images.xcassets */,
				D72E149E23F45907006E7FAD /* NearUIBinding.strings */,
			);
			path = Resources;
			sourceTree = "<group>";
		};
		8AAB7C0E1FB352F400D594D9 /* fixtures */ = {
			isa = PBXGroup;
			children = (
				8AAB7C0F1FB3532400D594D9 /* content.json */,
			);
			path = fixtures;
			sourceTree = "<group>";
		};
		AEDDC17781B942BF030869BC /* Pods */ = {
			isa = PBXGroup;
			children = (
				7B8309578D2CCE61B3E552D2 /* Pods-NeariOSUI.debug.xcconfig */,
				45CDDA549B63BD4D8A003D04 /* Pods-NeariOSUI.release.xcconfig */,
				624F80877B841EBACBBEC2AA /* Pods-NeariOSUI-Tests-NeariOSUITests.debug.xcconfig */,
				5867581EFDECF062270F7602 /* Pods-NeariOSUI-Tests-NeariOSUITests.release.xcconfig */,
				54D48AA3B698890E9D96D476 /* Pods-NearUIBinding.debug.xcconfig */,
				1949DA133764D614D26A00D9 /* Pods-NearUIBinding.release.xcconfig */,
				F8AB7D394C663472BFB8DF6E /* Pods-NearUIBinding-Tests-NeariOSUITests.debug.xcconfig */,
				D859458097C3BBE84F88ADBE /* Pods-NearUIBinding-Tests-NeariOSUITests.release.xcconfig */,
			);
			name = Pods;
			sourceTree = "<group>";
		};
/* End PBXGroup section */

/* Begin PBXHeadersBuildPhase section */
		26CAC3001F56BB4E009DDDF2 /* Headers */ = {
			isa = PBXHeadersBuildPhase;
			buildActionMask = 2147483647;
			files = (
				26CAC3081F56BB4E009DDDF2 /* Near-iOS-UI.h in Headers */,
			);
			runOnlyForDeploymentPostprocessing = 0;
		};
/* End PBXHeadersBuildPhase section */

/* Begin PBXNativeTarget section */
		264AE6FB1F98908700AF8C48 /* NeariOSUITests */ = {
			isa = PBXNativeTarget;
			buildConfigurationList = 264AE7041F98908700AF8C48 /* Build configuration list for PBXNativeTarget "NeariOSUITests" */;
			buildPhases = (
				23F542C5A8E7ABEC3FE42B3F /* [CP] Check Pods Manifest.lock */,
				264AE6F81F98908700AF8C48 /* Sources */,
				264AE6F91F98908700AF8C48 /* Frameworks */,
				264AE6FA1F98908700AF8C48 /* Resources */,
				264AE7091F9890AB00AF8C48 /* CopyFiles */,
				904FCC50741764EB287D33A1 /* [CP] Embed Pods Frameworks */,
			);
			buildRules = (
			);
			dependencies = (
				264AE7031F98908700AF8C48 /* PBXTargetDependency */,
				26B85B131F98A03000087BEE /* PBXTargetDependency */,
			);
			name = NeariOSUITests;
			productName = NeariOSUITests;
			productReference = 264AE6FC1F98908700AF8C48 /* NeariOSUITests.xctest */;
			productType = "com.apple.product-type.bundle.unit-test";
		};
		26B85AFF1F98A02A00087BEE /* UIHostApplication */ = {
			isa = PBXNativeTarget;
			buildConfigurationList = 26B85B0F1F98A02A00087BEE /* Build configuration list for PBXNativeTarget "UIHostApplication" */;
			buildPhases = (
				26B85AFC1F98A02A00087BEE /* Sources */,
				26B85AFD1F98A02A00087BEE /* Frameworks */,
				26B85AFE1F98A02A00087BEE /* Resources */,
				8A4C0C711FC42537000C9C7B /* Embed Frameworks */,
			);
			buildRules = (
			);
			dependencies = (
				8A4C0C701FC42537000C9C7B /* PBXTargetDependency */,
			);
			name = UIHostApplication;
			productName = UIHostApplication;
			productReference = 26B85B001F98A02A00087BEE /* UIHostApplication.app */;
			productType = "com.apple.product-type.application";
		};
		26CAC3021F56BB4E009DDDF2 /* NearUIBinding */ = {
			isa = PBXNativeTarget;
			buildConfigurationList = 26CAC30B1F56BB4E009DDDF2 /* Build configuration list for PBXNativeTarget "NearUIBinding" */;
			buildPhases = (
				EA3E0B00CF78A0C236329F11 /* [CP] Check Pods Manifest.lock */,
				26CAC2FE1F56BB4E009DDDF2 /* Sources */,
				26CAC2FF1F56BB4E009DDDF2 /* Frameworks */,
				26CAC3001F56BB4E009DDDF2 /* Headers */,
				26CAC3011F56BB4E009DDDF2 /* Resources */,
				D7B4340B2211E7830002E675 /* ShellScript */,
			);
			buildRules = (
			);
			dependencies = (
			);
			name = NearUIBinding;
			productName = "Near-iOS-UI";
			productReference = 26CAC3031F56BB4E009DDDF2 /* NearUIBinding.framework */;
			productType = "com.apple.product-type.framework";
		};
/* End PBXNativeTarget section */

/* Begin PBXProject section */
		26CAC2FA1F56BB4E009DDDF2 /* Project object */ = {
			isa = PBXProject;
			attributes = {
				LastSwiftUpdateCheck = 0900;
				LastUpgradeCheck = 0910;
				ORGANIZATIONNAME = Near;
				TargetAttributes = {
					264AE6FB1F98908700AF8C48 = {
						CreatedOnToolsVersion = 9.0;
						DevelopmentTeam = C8YW5Q8LEU;
						ProvisioningStyle = Automatic;
						TestTargetID = 26B85AFF1F98A02A00087BEE;
					};
					26B85AFF1F98A02A00087BEE = {
						CreatedOnToolsVersion = 9.0;
						DevelopmentTeam = C8YW5Q8LEU;
						ProvisioningStyle = Automatic;
					};
					26CAC3021F56BB4E009DDDF2 = {
						CreatedOnToolsVersion = 8.3.3;
						DevelopmentTeam = C8YW5Q8LEU;
						LastSwiftMigration = 0910;
						ProvisioningStyle = Automatic;
					};
				};
			};
			buildConfigurationList = 26CAC2FD1F56BB4E009DDDF2 /* Build configuration list for PBXProject "Near-iOS-UI" */;
			compatibilityVersion = "Xcode 3.2";
			developmentRegion = English;
			hasScannedForEncodings = 0;
			knownRegions = (
				English,
				en,
				Base,
			);
			mainGroup = 26CAC2F91F56BB4E009DDDF2;
			productRefGroup = 26CAC3041F56BB4E009DDDF2 /* Products */;
			projectDirPath = "";
			projectRoot = "";
			targets = (
				26CAC3021F56BB4E009DDDF2 /* NearUIBinding */,
				264AE6FB1F98908700AF8C48 /* NeariOSUITests */,
				26B85AFF1F98A02A00087BEE /* UIHostApplication */,
			);
		};
/* End PBXProject section */

/* Begin PBXResourcesBuildPhase section */
		264AE6FA1F98908700AF8C48 /* Resources */ = {
			isa = PBXResourcesBuildPhase;
			buildActionMask = 2147483647;
			files = (
				8AAB7C101FB3532400D594D9 /* content.json in Resources */,
			);
			runOnlyForDeploymentPostprocessing = 0;
		};
		26B85AFE1F98A02A00087BEE /* Resources */ = {
			isa = PBXResourcesBuildPhase;
			buildActionMask = 2147483647;
			files = (
				26B85B0D1F98A02A00087BEE /* LaunchScreen.storyboard in Resources */,
				26B85B0A1F98A02A00087BEE /* Assets.xcassets in Resources */,
				26B85B081F98A02A00087BEE /* Main.storyboard in Resources */,
				8AAB7C111FB3552C00D594D9 /* content.json in Resources */,
			);
			runOnlyForDeploymentPostprocessing = 0;
		};
		26CAC3011F56BB4E009DDDF2 /* Resources */ = {
			isa = PBXResourcesBuildPhase;
			buildActionMask = 2147483647;
			files = (
				26CAC33E1F56EA46009DDDF2 /* Images.xcassets in Resources */,
				8A5ECD5F1FB983CA00C099BB /* NITCouponCell.xib in Resources */,
				D77EF6F120FCAA1400198922 /* NITMultilineButton.xib in Resources */,
				8A5ECD5D1FB982DE00C099BB /* NITCouponListViewController.xib in Resources */,
				26BA34992040228E000B7CB4 /* NITNotificationCell.xib in Resources */,
				26BA349520401FEE000B7CB4 /* NITNotificationHistoryViewController.xib in Resources */,
				D71F1F392187236E0016BD1D /* how-to-release.md in Resources */,
				8A4E89331F94FE92002BCAB6 /* NITFeedbackViewController.xib in Resources */,
				D72E149C23F45907006E7FAD /* NearUIBinding.strings in Resources */,
				26CAC3391F56E996009DDDF2 /* NITPermissionsViewController.xib in Resources */,
				26CAC3121F56C871009DDDF2 /* NITDialogController.xib in Resources */,
				8A6AF9CE1F9E408100FA9D4B /* NITCouponViewController.xib in Resources */,
				8AE08CE21FA8715100710B0B /* NITContentViewController.xib in Resources */,
				8A636A001FBC8D99000C6EBF /* NITPermissionsView.xib in Resources */,
			);
			runOnlyForDeploymentPostprocessing = 0;
		};
/* End PBXResourcesBuildPhase section */

/* Begin PBXShellScriptBuildPhase section */
		23F542C5A8E7ABEC3FE42B3F /* [CP] Check Pods Manifest.lock */ = {
			isa = PBXShellScriptBuildPhase;
			buildActionMask = 2147483647;
			files = (
			);
			inputPaths = (
				"${PODS_PODFILE_DIR_PATH}/Podfile.lock",
				"${PODS_ROOT}/Manifest.lock",
			);
			name = "[CP] Check Pods Manifest.lock";
			outputPaths = (
				"$(DERIVED_FILE_DIR)/Pods-NearUIBinding-Tests-NeariOSUITests-checkManifestLockResult.txt",
			);
			runOnlyForDeploymentPostprocessing = 0;
			shellPath = /bin/sh;
			shellScript = "diff \"${PODS_PODFILE_DIR_PATH}/Podfile.lock\" \"${PODS_ROOT}/Manifest.lock\" > /dev/null\nif [ $? != 0 ] ; then\n    # print error to STDERR\n    echo \"error: The sandbox is not in sync with the Podfile.lock. Run 'pod install' or update your CocoaPods installation.\" >&2\n    exit 1\nfi\n# This output is used by Xcode 'outputs' to avoid re-running this script phase.\necho \"SUCCESS\" > \"${SCRIPT_OUTPUT_FILE_0}\"\n";
			showEnvVarsInLog = 0;
		};
		904FCC50741764EB287D33A1 /* [CP] Embed Pods Frameworks */ = {
			isa = PBXShellScriptBuildPhase;
			buildActionMask = 2147483647;
			files = (
			);
			inputPaths = (
				"${PODS_ROOT}/Target Support Files/Pods-NearUIBinding-Tests-NeariOSUITests/Pods-NearUIBinding-Tests-NeariOSUITests-frameworks.sh",
				"${PODS_ROOT}/NearITSDK/NearITSDK.framework",
				"${BUILT_PRODUCTS_DIR}/NearITSDKSwift/NearITSDKSwift.framework",
				"${BUILT_PRODUCTS_DIR}/FBSnapshotTestCase/FBSnapshotTestCase.framework",
				"${BUILT_PRODUCTS_DIR}/Nimble/Nimble.framework",
				"${BUILT_PRODUCTS_DIR}/Nimble-Snapshots/Nimble_Snapshots.framework",
				"${BUILT_PRODUCTS_DIR}/Quick/Quick.framework",
			);
			name = "[CP] Embed Pods Frameworks";
			outputPaths = (
				"${TARGET_BUILD_DIR}/${FRAMEWORKS_FOLDER_PATH}/NearITSDK.framework",
				"${TARGET_BUILD_DIR}/${FRAMEWORKS_FOLDER_PATH}/NearITSDKSwift.framework",
				"${TARGET_BUILD_DIR}/${FRAMEWORKS_FOLDER_PATH}/FBSnapshotTestCase.framework",
				"${TARGET_BUILD_DIR}/${FRAMEWORKS_FOLDER_PATH}/Nimble.framework",
				"${TARGET_BUILD_DIR}/${FRAMEWORKS_FOLDER_PATH}/Nimble_Snapshots.framework",
				"${TARGET_BUILD_DIR}/${FRAMEWORKS_FOLDER_PATH}/Quick.framework",
			);
			runOnlyForDeploymentPostprocessing = 0;
			shellPath = /bin/sh;
			shellScript = "\"${PODS_ROOT}/Target Support Files/Pods-NearUIBinding-Tests-NeariOSUITests/Pods-NearUIBinding-Tests-NeariOSUITests-frameworks.sh\"\n";
			showEnvVarsInLog = 0;
		};
		D7B4340B2211E7830002E675 /* ShellScript */ = {
			isa = PBXShellScriptBuildPhase;
			buildActionMask = 2147483647;
			files = (
			);
			inputFileListPaths = (
			);
			inputPaths = (
			);
			outputFileListPaths = (
			);
			outputPaths = (
			);
			runOnlyForDeploymentPostprocessing = 0;
			shellPath = /bin/sh;
			shellScript = "# Type a script or drag a script file from your workspace to insert its path.\nif which swiftlint >/dev/null; then swiftlint\nelse\necho \"warning: SwiftLint not installed, download from https://github.com/realm/SwiftLint\"\nfi\n";
		};
		EA3E0B00CF78A0C236329F11 /* [CP] Check Pods Manifest.lock */ = {
			isa = PBXShellScriptBuildPhase;
			buildActionMask = 2147483647;
			files = (
			);
			inputPaths = (
				"${PODS_PODFILE_DIR_PATH}/Podfile.lock",
				"${PODS_ROOT}/Manifest.lock",
			);
			name = "[CP] Check Pods Manifest.lock";
			outputPaths = (
				"$(DERIVED_FILE_DIR)/Pods-NearUIBinding-checkManifestLockResult.txt",
			);
			runOnlyForDeploymentPostprocessing = 0;
			shellPath = /bin/sh;
			shellScript = "diff \"${PODS_PODFILE_DIR_PATH}/Podfile.lock\" \"${PODS_ROOT}/Manifest.lock\" > /dev/null\nif [ $? != 0 ] ; then\n    # print error to STDERR\n    echo \"error: The sandbox is not in sync with the Podfile.lock. Run 'pod install' or update your CocoaPods installation.\" >&2\n    exit 1\nfi\n# This output is used by Xcode 'outputs' to avoid re-running this script phase.\necho \"SUCCESS\" > \"${SCRIPT_OUTPUT_FILE_0}\"\n";
			showEnvVarsInLog = 0;
		};
/* End PBXShellScriptBuildPhase section */

/* Begin PBXSourcesBuildPhase section */
		264AE6F81F98908700AF8C48 /* Sources */ = {
			isa = PBXSourcesBuildPhase;
			buildActionMask = 2147483647;
			files = (
				264AE70F1F98920F00AF8C48 /* NITFeedbackViewControllerSpec.swift in Sources */,
				8A5ECD651FBC2DF300C099BB /* NITCouponListViewControllerSpec.swift in Sources */,
				8AAB7C0D1FB0D73300D594D9 /* NITContentViewControllerSpec.swift in Sources */,
				8AE08CDE1FA80C4600710B0B /* NITCouponViewControllerSpec.swift in Sources */,
				8A581EA21FBDF79F00FBA96A /* NITPermissionViewSpec.swift in Sources */,
				2673531920454F9600D87305 /* NITNotificationHistoryViewControllerTest.swift in Sources */,
				264AE6FF1F98908700AF8C48 /* NeariOSUITests.swift in Sources */,
			);
			runOnlyForDeploymentPostprocessing = 0;
		};
		26B85AFC1F98A02A00087BEE /* Sources */ = {
			isa = PBXSourcesBuildPhase;
			buildActionMask = 2147483647;
			files = (
				26B85B051F98A02A00087BEE /* ViewController.swift in Sources */,
				26B85B031F98A02A00087BEE /* AppDelegate.swift in Sources */,
			);
			runOnlyForDeploymentPostprocessing = 0;
		};
		26CAC2FE1F56BB4E009DDDF2 /* Sources */ = {
			isa = PBXSourcesBuildPhase;
			buildActionMask = 2147483647;
			files = (
				8A5ECD631FB9A0B500C099BB /* NITCouponCell.swift in Sources */,
				D77EF6EF20FCA73B00198922 /* NITMultilineButton.swift in Sources */,
				D7B0C7D820EB6CA30076FA92 /* NITUIAppearance.swift in Sources */,
				26441FFC1F57FA0A00A38740 /* AppColors.swift in Sources */,
				381DA36621ABFCAD00D76F55 /* NITImageDownloader.swift in Sources */,
				26CAC3101F56C7D1009DDDF2 /* NITDialogController.swift in Sources */,
				26CAC3381F56E996009DDDF2 /* NITPermissionsViewController.swift in Sources */,
				8AF9E5131FC322EC00ED0057 /* NITPermissionButton.swift in Sources */,
				8AE08CE11FA8715100710B0B /* NITContentViewController.swift in Sources */,
				8A636A021FBC8E49000C6EBF /* NITPermissionsView.swift in Sources */,
				8A5ECD611FB9868200C099BB /* NITCouponListViewController.swift in Sources */,
				26441FFE1F58129B00A38740 /* NITBaseViewController.swift in Sources */,
				8A6BE7CE1FC0A09F00678C21 /* Bundle+framework.swift in Sources */,
				D72E149B23F3FE7A006E7FAD /* NITCouponViewController+UI.swift in Sources */,
				8A1CEB241F826901008E9372 /* UIWindow+currentController.swift in Sources */,
				8AD1900B1FA9E08C00D03836 /* NITWKWebViewContainer.swift in Sources */,
				26BA349720402229000B7CB4 /* NITNotificationCell.swift in Sources */,
				8AE08CDC1FA7817B00710B0B /* NITCoupon+ui.swift in Sources */,
				D7478168228330AB00139EB2 /* NearManager+UI.swift in Sources */,
				D77EF6F320FCF6A600198922 /* NITPermissionBarButton.swift in Sources */,
				8A4E89351F9507A7002BCAB6 /* NITFeedbackViewController.swift in Sources */,
				8A6AF9CD1F9E408100FA9D4B /* NITCouponViewController.swift in Sources */,
				264FB8C91F5D887500DC740A /* NITPermissionsManager.swift in Sources */,
				D774892223F2CDE500A13F2A /* String+NearUIBinding.swift in Sources */,
				26BA349420401FEE000B7CB4 /* NITNotificationHistoryViewController.swift in Sources */,
			);
			runOnlyForDeploymentPostprocessing = 0;
		};
/* End PBXSourcesBuildPhase section */

/* Begin PBXTargetDependency section */
		264AE7031F98908700AF8C48 /* PBXTargetDependency */ = {
			isa = PBXTargetDependency;
			target = 26CAC3021F56BB4E009DDDF2 /* NearUIBinding */;
			targetProxy = 264AE7021F98908700AF8C48 /* PBXContainerItemProxy */;
		};
		26B85B131F98A03000087BEE /* PBXTargetDependency */ = {
			isa = PBXTargetDependency;
			target = 26B85AFF1F98A02A00087BEE /* UIHostApplication */;
			targetProxy = 26B85B121F98A03000087BEE /* PBXContainerItemProxy */;
		};
		8A4C0C701FC42537000C9C7B /* PBXTargetDependency */ = {
			isa = PBXTargetDependency;
			target = 26CAC3021F56BB4E009DDDF2 /* NearUIBinding */;
			targetProxy = 8A4C0C6F1FC42537000C9C7B /* PBXContainerItemProxy */;
		};
/* End PBXTargetDependency section */

/* Begin PBXVariantGroup section */
		26B85B061F98A02A00087BEE /* Main.storyboard */ = {
			isa = PBXVariantGroup;
			children = (
				26B85B071F98A02A00087BEE /* Base */,
			);
			name = Main.storyboard;
			sourceTree = "<group>";
		};
		26B85B0B1F98A02A00087BEE /* LaunchScreen.storyboard */ = {
			isa = PBXVariantGroup;
			children = (
				26B85B0C1F98A02A00087BEE /* Base */,
			);
			name = LaunchScreen.storyboard;
			sourceTree = "<group>";
		};
		D72E149E23F45907006E7FAD /* NearUIBinding.strings */ = {
			isa = PBXVariantGroup;
			children = (
				D72E149D23F45907006E7FAD /* en */,
			);
			name = NearUIBinding.strings;
			sourceTree = "<group>";
		};
/* End PBXVariantGroup section */

/* Begin XCBuildConfiguration section */
		264AE7051F98908700AF8C48 /* Debug */ = {
			isa = XCBuildConfiguration;
			baseConfigurationReference = F8AB7D394C663472BFB8DF6E /* Pods-NearUIBinding-Tests-NeariOSUITests.debug.xcconfig */;
			buildSettings = {
				CLANG_CXX_LANGUAGE_STANDARD = "gnu++14";
				CLANG_WARN_BLOCK_CAPTURE_AUTORELEASING = YES;
				CLANG_WARN_COMMA = YES;
				CLANG_WARN_NON_LITERAL_NULL_CONVERSION = YES;
				CLANG_WARN_OBJC_LITERAL_CONVERSION = YES;
				CLANG_WARN_RANGE_LOOP_ANALYSIS = YES;
				CLANG_WARN_STRICT_PROTOTYPES = YES;
				CLANG_WARN_UNGUARDED_AVAILABILITY = YES_AGGRESSIVE;
				CODE_SIGN_IDENTITY = "iPhone Developer";
				CODE_SIGN_STYLE = Automatic;
				DEVELOPMENT_TEAM = C8YW5Q8LEU;
				GCC_C_LANGUAGE_STANDARD = gnu11;
				INFOPLIST_FILE = NeariOSUITests/Info.plist;
				IPHONEOS_DEPLOYMENT_TARGET = 11.0;
				LD_RUNPATH_SEARCH_PATHS = "$(inherited) @executable_path/Frameworks @loader_path/Frameworks";
				PRODUCT_BUNDLE_IDENTIFIER = con.nearit.tests.NeariOSUITests;
				PRODUCT_NAME = "$(TARGET_NAME)";
				SWIFT_VERSION = 4.0;
				TARGETED_DEVICE_FAMILY = "1,2";
				TEST_HOST = "$(BUILT_PRODUCTS_DIR)/UIHostApplication.app/UIHostApplication";
			};
			name = Debug;
		};
		264AE7061F98908700AF8C48 /* Release */ = {
			isa = XCBuildConfiguration;
			baseConfigurationReference = D859458097C3BBE84F88ADBE /* Pods-NearUIBinding-Tests-NeariOSUITests.release.xcconfig */;
			buildSettings = {
				CLANG_CXX_LANGUAGE_STANDARD = "gnu++14";
				CLANG_WARN_BLOCK_CAPTURE_AUTORELEASING = YES;
				CLANG_WARN_COMMA = YES;
				CLANG_WARN_NON_LITERAL_NULL_CONVERSION = YES;
				CLANG_WARN_OBJC_LITERAL_CONVERSION = YES;
				CLANG_WARN_RANGE_LOOP_ANALYSIS = YES;
				CLANG_WARN_STRICT_PROTOTYPES = YES;
				CLANG_WARN_UNGUARDED_AVAILABILITY = YES_AGGRESSIVE;
				CODE_SIGN_IDENTITY = "iPhone Developer";
				CODE_SIGN_STYLE = Automatic;
				DEVELOPMENT_TEAM = C8YW5Q8LEU;
				GCC_C_LANGUAGE_STANDARD = gnu11;
				INFOPLIST_FILE = NeariOSUITests/Info.plist;
				IPHONEOS_DEPLOYMENT_TARGET = 11.0;
				LD_RUNPATH_SEARCH_PATHS = "$(inherited) @executable_path/Frameworks @loader_path/Frameworks";
				PRODUCT_BUNDLE_IDENTIFIER = con.nearit.tests.NeariOSUITests;
				PRODUCT_NAME = "$(TARGET_NAME)";
				SWIFT_VERSION = 4.0;
				TARGETED_DEVICE_FAMILY = "1,2";
				TEST_HOST = "$(BUILT_PRODUCTS_DIR)/UIHostApplication.app/UIHostApplication";
			};
			name = Release;
		};
		26B85B101F98A02A00087BEE /* Debug */ = {
			isa = XCBuildConfiguration;
			buildSettings = {
				ALWAYS_EMBED_SWIFT_STANDARD_LIBRARIES = YES;
				ASSETCATALOG_COMPILER_APPICON_NAME = AppIcon;
				CLANG_CXX_LANGUAGE_STANDARD = "gnu++14";
				CLANG_WARN_BLOCK_CAPTURE_AUTORELEASING = YES;
				CLANG_WARN_COMMA = YES;
				CLANG_WARN_NON_LITERAL_NULL_CONVERSION = YES;
				CLANG_WARN_OBJC_LITERAL_CONVERSION = YES;
				CLANG_WARN_RANGE_LOOP_ANALYSIS = YES;
				CLANG_WARN_STRICT_PROTOTYPES = YES;
				CLANG_WARN_UNGUARDED_AVAILABILITY = YES_AGGRESSIVE;
				CODE_SIGN_IDENTITY = "iPhone Developer";
				CODE_SIGN_STYLE = Automatic;
				DEVELOPMENT_TEAM = C8YW5Q8LEU;
				GCC_C_LANGUAGE_STANDARD = gnu11;
				INFOPLIST_FILE = UIHostApplication/Info.plist;
				IPHONEOS_DEPLOYMENT_TARGET = 11.0;
				LD_RUNPATH_SEARCH_PATHS = "$(inherited) @executable_path/Frameworks";
				PRODUCT_BUNDLE_IDENTIFIER = con.nearit.tests.UIHostApplication;
				PRODUCT_NAME = "$(TARGET_NAME)";
				SWIFT_VERSION = 4.0;
				TARGETED_DEVICE_FAMILY = "1,2";
			};
			name = Debug;
		};
		26B85B111F98A02A00087BEE /* Release */ = {
			isa = XCBuildConfiguration;
			buildSettings = {
				ALWAYS_EMBED_SWIFT_STANDARD_LIBRARIES = YES;
				ASSETCATALOG_COMPILER_APPICON_NAME = AppIcon;
				CLANG_CXX_LANGUAGE_STANDARD = "gnu++14";
				CLANG_WARN_BLOCK_CAPTURE_AUTORELEASING = YES;
				CLANG_WARN_COMMA = YES;
				CLANG_WARN_NON_LITERAL_NULL_CONVERSION = YES;
				CLANG_WARN_OBJC_LITERAL_CONVERSION = YES;
				CLANG_WARN_RANGE_LOOP_ANALYSIS = YES;
				CLANG_WARN_STRICT_PROTOTYPES = YES;
				CLANG_WARN_UNGUARDED_AVAILABILITY = YES_AGGRESSIVE;
				CODE_SIGN_IDENTITY = "iPhone Developer";
				CODE_SIGN_STYLE = Automatic;
				DEVELOPMENT_TEAM = C8YW5Q8LEU;
				GCC_C_LANGUAGE_STANDARD = gnu11;
				INFOPLIST_FILE = UIHostApplication/Info.plist;
				IPHONEOS_DEPLOYMENT_TARGET = 11.0;
				LD_RUNPATH_SEARCH_PATHS = "$(inherited) @executable_path/Frameworks";
				PRODUCT_BUNDLE_IDENTIFIER = con.nearit.tests.UIHostApplication;
				PRODUCT_NAME = "$(TARGET_NAME)";
				SWIFT_VERSION = 4.0;
				TARGETED_DEVICE_FAMILY = "1,2";
			};
			name = Release;
		};
		26CAC3091F56BB4E009DDDF2 /* Debug */ = {
			isa = XCBuildConfiguration;
			buildSettings = {
				ALWAYS_SEARCH_USER_PATHS = NO;
				CLANG_ANALYZER_NONNULL = YES;
				CLANG_ANALYZER_NUMBER_OBJECT_CONVERSION = YES_AGGRESSIVE;
				CLANG_CXX_LANGUAGE_STANDARD = "gnu++0x";
				CLANG_CXX_LIBRARY = "libc++";
				CLANG_ENABLE_MODULES = YES;
				CLANG_ENABLE_OBJC_ARC = YES;
				CLANG_WARN_BLOCK_CAPTURE_AUTORELEASING = YES;
				CLANG_WARN_BOOL_CONVERSION = YES;
				CLANG_WARN_COMMA = YES;
				CLANG_WARN_CONSTANT_CONVERSION = YES;
				CLANG_WARN_DIRECT_OBJC_ISA_USAGE = YES_ERROR;
				CLANG_WARN_DOCUMENTATION_COMMENTS = YES;
				CLANG_WARN_EMPTY_BODY = YES;
				CLANG_WARN_ENUM_CONVERSION = YES;
				CLANG_WARN_INFINITE_RECURSION = YES;
				CLANG_WARN_INT_CONVERSION = YES;
				CLANG_WARN_NON_LITERAL_NULL_CONVERSION = YES;
				CLANG_WARN_OBJC_LITERAL_CONVERSION = YES;
				CLANG_WARN_OBJC_ROOT_CLASS = YES_ERROR;
				CLANG_WARN_RANGE_LOOP_ANALYSIS = YES;
				CLANG_WARN_STRICT_PROTOTYPES = YES;
				CLANG_WARN_SUSPICIOUS_MOVE = YES;
				CLANG_WARN_UNREACHABLE_CODE = YES;
				CLANG_WARN__DUPLICATE_METHOD_MATCH = YES;
				"CODE_SIGN_IDENTITY[sdk=iphoneos*]" = "iPhone Developer";
				COPY_PHASE_STRIP = NO;
				CURRENT_PROJECT_VERSION = 1;
				DEBUG_INFORMATION_FORMAT = dwarf;
				ENABLE_STRICT_OBJC_MSGSEND = YES;
				ENABLE_TESTABILITY = YES;
				GCC_C_LANGUAGE_STANDARD = gnu99;
				GCC_DYNAMIC_NO_PIC = NO;
				GCC_NO_COMMON_BLOCKS = YES;
				GCC_OPTIMIZATION_LEVEL = 0;
				GCC_PREPROCESSOR_DEFINITIONS = (
					"DEBUG=1",
					"$(inherited)",
				);
				GCC_WARN_64_TO_32_BIT_CONVERSION = YES;
				GCC_WARN_ABOUT_RETURN_TYPE = YES_ERROR;
				GCC_WARN_UNDECLARED_SELECTOR = YES;
				GCC_WARN_UNINITIALIZED_AUTOS = YES_AGGRESSIVE;
				GCC_WARN_UNUSED_FUNCTION = YES;
				GCC_WARN_UNUSED_VARIABLE = YES;
				IPHONEOS_DEPLOYMENT_TARGET = 10.3;
				MTL_ENABLE_DEBUG_INFO = YES;
				ONLY_ACTIVE_ARCH = YES;
				SDKROOT = iphoneos;
				SWIFT_ACTIVE_COMPILATION_CONDITIONS = DEBUG;
				SWIFT_OPTIMIZATION_LEVEL = "-Onone";
				TARGETED_DEVICE_FAMILY = "1,2";
				VERSIONING_SYSTEM = "apple-generic";
				VERSION_INFO_PREFIX = "";
			};
			name = Debug;
		};
		26CAC30A1F56BB4E009DDDF2 /* Release */ = {
			isa = XCBuildConfiguration;
			buildSettings = {
				ALWAYS_SEARCH_USER_PATHS = NO;
				CLANG_ANALYZER_NONNULL = YES;
				CLANG_ANALYZER_NUMBER_OBJECT_CONVERSION = YES_AGGRESSIVE;
				CLANG_CXX_LANGUAGE_STANDARD = "gnu++0x";
				CLANG_CXX_LIBRARY = "libc++";
				CLANG_ENABLE_MODULES = YES;
				CLANG_ENABLE_OBJC_ARC = YES;
				CLANG_WARN_BLOCK_CAPTURE_AUTORELEASING = YES;
				CLANG_WARN_BOOL_CONVERSION = YES;
				CLANG_WARN_COMMA = YES;
				CLANG_WARN_CONSTANT_CONVERSION = YES;
				CLANG_WARN_DIRECT_OBJC_ISA_USAGE = YES_ERROR;
				CLANG_WARN_DOCUMENTATION_COMMENTS = YES;
				CLANG_WARN_EMPTY_BODY = YES;
				CLANG_WARN_ENUM_CONVERSION = YES;
				CLANG_WARN_INFINITE_RECURSION = YES;
				CLANG_WARN_INT_CONVERSION = YES;
				CLANG_WARN_NON_LITERAL_NULL_CONVERSION = YES;
				CLANG_WARN_OBJC_LITERAL_CONVERSION = YES;
				CLANG_WARN_OBJC_ROOT_CLASS = YES_ERROR;
				CLANG_WARN_RANGE_LOOP_ANALYSIS = YES;
				CLANG_WARN_STRICT_PROTOTYPES = YES;
				CLANG_WARN_SUSPICIOUS_MOVE = YES;
				CLANG_WARN_UNREACHABLE_CODE = YES;
				CLANG_WARN__DUPLICATE_METHOD_MATCH = YES;
				"CODE_SIGN_IDENTITY[sdk=iphoneos*]" = "iPhone Developer";
				COPY_PHASE_STRIP = NO;
				CURRENT_PROJECT_VERSION = 1;
				DEBUG_INFORMATION_FORMAT = "dwarf-with-dsym";
				ENABLE_NS_ASSERTIONS = NO;
				ENABLE_STRICT_OBJC_MSGSEND = YES;
				GCC_C_LANGUAGE_STANDARD = gnu99;
				GCC_NO_COMMON_BLOCKS = YES;
				GCC_WARN_64_TO_32_BIT_CONVERSION = YES;
				GCC_WARN_ABOUT_RETURN_TYPE = YES_ERROR;
				GCC_WARN_UNDECLARED_SELECTOR = YES;
				GCC_WARN_UNINITIALIZED_AUTOS = YES_AGGRESSIVE;
				GCC_WARN_UNUSED_FUNCTION = YES;
				GCC_WARN_UNUSED_VARIABLE = YES;
				IPHONEOS_DEPLOYMENT_TARGET = 10.3;
				MTL_ENABLE_DEBUG_INFO = NO;
				SDKROOT = iphoneos;
				SWIFT_OPTIMIZATION_LEVEL = "-Owholemodule";
				TARGETED_DEVICE_FAMILY = "1,2";
				VALIDATE_PRODUCT = YES;
				VERSIONING_SYSTEM = "apple-generic";
				VERSION_INFO_PREFIX = "";
			};
			name = Release;
		};
		26CAC30C1F56BB4E009DDDF2 /* Debug */ = {
			isa = XCBuildConfiguration;
			baseConfigurationReference = 54D48AA3B698890E9D96D476 /* Pods-NearUIBinding.debug.xcconfig */;
			buildSettings = {
				CLANG_ENABLE_MODULES = YES;
				CODE_SIGN_IDENTITY = "";
				DEFINES_MODULE = YES;
				DEVELOPMENT_TEAM = C8YW5Q8LEU;
				DYLIB_COMPATIBILITY_VERSION = 1;
				DYLIB_CURRENT_VERSION = 1;
				DYLIB_INSTALL_NAME_BASE = "@rpath";
				INFOPLIST_FILE = "Near-iOS-UI/Info.plist";
				INSTALL_PATH = "$(LOCAL_LIBRARY_DIR)/Frameworks";
				IPHONEOS_DEPLOYMENT_TARGET = 9.0;
				LD_RUNPATH_SEARCH_PATHS = "$(inherited) @executable_path/Frameworks @loader_path/Frameworks";
				PRODUCT_BUNDLE_IDENTIFIER = "com.near.Near-iOS-UI.wdy";
				PRODUCT_NAME = "$(TARGET_NAME)";
				SKIP_INSTALL = YES;
				SWIFT_OPTIMIZATION_LEVEL = "-Onone";
				SWIFT_VERSION = 4.2;
				TARGETED_DEVICE_FAMILY = "1,2";
			};
			name = Debug;
		};
		26CAC30D1F56BB4E009DDDF2 /* Release */ = {
			isa = XCBuildConfiguration;
			baseConfigurationReference = 1949DA133764D614D26A00D9 /* Pods-NearUIBinding.release.xcconfig */;
			buildSettings = {
				CLANG_ENABLE_MODULES = YES;
				CODE_SIGN_IDENTITY = "";
				DEFINES_MODULE = YES;
				DEVELOPMENT_TEAM = C8YW5Q8LEU;
				DYLIB_COMPATIBILITY_VERSION = 1;
				DYLIB_CURRENT_VERSION = 1;
				DYLIB_INSTALL_NAME_BASE = "@rpath";
				INFOPLIST_FILE = "Near-iOS-UI/Info.plist";
				INSTALL_PATH = "$(LOCAL_LIBRARY_DIR)/Frameworks";
				IPHONEOS_DEPLOYMENT_TARGET = 9.0;
				LD_RUNPATH_SEARCH_PATHS = "$(inherited) @executable_path/Frameworks @loader_path/Frameworks";
				PRODUCT_BUNDLE_IDENTIFIER = "com.near.Near-iOS-UI.wdy";
				PRODUCT_NAME = "$(TARGET_NAME)";
				SKIP_INSTALL = YES;
				SWIFT_VERSION = 4.2;
				TARGETED_DEVICE_FAMILY = "1,2";
			};
			name = Release;
		};
/* End XCBuildConfiguration section */

/* Begin XCConfigurationList section */
		264AE7041F98908700AF8C48 /* Build configuration list for PBXNativeTarget "NeariOSUITests" */ = {
			isa = XCConfigurationList;
			buildConfigurations = (
				264AE7051F98908700AF8C48 /* Debug */,
				264AE7061F98908700AF8C48 /* Release */,
			);
			defaultConfigurationIsVisible = 0;
			defaultConfigurationName = Release;
		};
		26B85B0F1F98A02A00087BEE /* Build configuration list for PBXNativeTarget "UIHostApplication" */ = {
			isa = XCConfigurationList;
			buildConfigurations = (
				26B85B101F98A02A00087BEE /* Debug */,
				26B85B111F98A02A00087BEE /* Release */,
			);
			defaultConfigurationIsVisible = 0;
			defaultConfigurationName = Release;
		};
		26CAC2FD1F56BB4E009DDDF2 /* Build configuration list for PBXProject "Near-iOS-UI" */ = {
			isa = XCConfigurationList;
			buildConfigurations = (
				26CAC3091F56BB4E009DDDF2 /* Debug */,
				26CAC30A1F56BB4E009DDDF2 /* Release */,
			);
			defaultConfigurationIsVisible = 0;
			defaultConfigurationName = Release;
		};
		26CAC30B1F56BB4E009DDDF2 /* Build configuration list for PBXNativeTarget "NearUIBinding" */ = {
			isa = XCConfigurationList;
			buildConfigurations = (
				26CAC30C1F56BB4E009DDDF2 /* Debug */,
				26CAC30D1F56BB4E009DDDF2 /* Release */,
			);
			defaultConfigurationIsVisible = 0;
			defaultConfigurationName = Release;
		};
/* End XCConfigurationList section */
	};
	rootObject = 26CAC2FA1F56BB4E009DDDF2 /* Project object */;
}
