// !$*UTF8*$!
{
	archiveVersion = 1;
	classes = {
	};
	objectVersion = 46;
	objects = {

/* Begin PBXBuildFile section */
		265AD80B1F59760B006FB471 /* main.m in Sources */ = {isa = PBXBuildFile; fileRef = 265AD80A1F59760B006FB471 /* main.m */; };
		265AD80E1F59760B006FB471 /* AppDelegate.m in Sources */ = {isa = PBXBuildFile; fileRef = 265AD80D1F59760B006FB471 /* AppDelegate.m */; };
		265AD8111F59760B006FB471 /* ViewController.m in Sources */ = {isa = PBXBuildFile; fileRef = 265AD8101F59760B006FB471 /* ViewController.m */; };
		265AD8141F59760B006FB471 /* Main.storyboard in Resources */ = {isa = PBXBuildFile; fileRef = 265AD8121F59760B006FB471 /* Main.storyboard */; };
		265AD8161F59760B006FB471 /* Assets.xcassets in Resources */ = {isa = PBXBuildFile; fileRef = 265AD8151F59760B006FB471 /* Assets.xcassets */; };
		265AD8191F59760B006FB471 /* LaunchScreen.storyboard in Resources */ = {isa = PBXBuildFile; fileRef = 265AD8171F59760B006FB471 /* LaunchScreen.storyboard */; };
		265AD8211F59762E006FB471 /* NeariOSUI.framework in Frameworks */ = {isa = PBXBuildFile; fileRef = 265AD8201F59762E006FB471 /* NeariOSUI.framework */; };
		265AD8221F59762E006FB471 /* NeariOSUI.framework in Embed Frameworks */ = {isa = PBXBuildFile; fileRef = 265AD8201F59762E006FB471 /* NeariOSUI.framework */; settings = {ATTRIBUTES = (CodeSignOnCopy, RemoveHeadersOnCopy, ); }; };
		B1EC1B5E12018BE65F1E8D9E /* Pods_UI_ObjC_Sample.framework in Frameworks */ = {isa = PBXBuildFile; fileRef = 67FEAA642AB2402F08027EA6 /* Pods_UI_ObjC_Sample.framework */; };
/* End PBXBuildFile section */

/* Begin PBXCopyFilesBuildPhase section */
		265AD8231F59762E006FB471 /* Embed Frameworks */ = {
			isa = PBXCopyFilesBuildPhase;
			buildActionMask = 2147483647;
			dstPath = "";
			dstSubfolderSpec = 10;
			files = (
				265AD8221F59762E006FB471 /* NeariOSUI.framework in Embed Frameworks */,
			);
			name = "Embed Frameworks";
			runOnlyForDeploymentPostprocessing = 0;
		};
/* End PBXCopyFilesBuildPhase section */

/* Begin PBXFileReference section */
		265AD8061F59760B006FB471 /* UI-ObjC-Sample.app */ = {isa = PBXFileReference; explicitFileType = wrapper.application; includeInIndex = 0; path = "UI-ObjC-Sample.app"; sourceTree = BUILT_PRODUCTS_DIR; };
		265AD80A1F59760B006FB471 /* main.m */ = {isa = PBXFileReference; lastKnownFileType = sourcecode.c.objc; path = main.m; sourceTree = "<group>"; };
		265AD80C1F59760B006FB471 /* AppDelegate.h */ = {isa = PBXFileReference; lastKnownFileType = sourcecode.c.h; path = AppDelegate.h; sourceTree = "<group>"; };
		265AD80D1F59760B006FB471 /* AppDelegate.m */ = {isa = PBXFileReference; lastKnownFileType = sourcecode.c.objc; path = AppDelegate.m; sourceTree = "<group>"; };
		265AD80F1F59760B006FB471 /* ViewController.h */ = {isa = PBXFileReference; lastKnownFileType = sourcecode.c.h; path = ViewController.h; sourceTree = "<group>"; };
		265AD8101F59760B006FB471 /* ViewController.m */ = {isa = PBXFileReference; lastKnownFileType = sourcecode.c.objc; path = ViewController.m; sourceTree = "<group>"; };
		265AD8131F59760B006FB471 /* Base */ = {isa = PBXFileReference; lastKnownFileType = file.storyboard; name = Base; path = Base.lproj/Main.storyboard; sourceTree = "<group>"; };
		265AD8151F59760B006FB471 /* Assets.xcassets */ = {isa = PBXFileReference; lastKnownFileType = folder.assetcatalog; path = Assets.xcassets; sourceTree = "<group>"; };
		265AD8181F59760B006FB471 /* Base */ = {isa = PBXFileReference; lastKnownFileType = file.storyboard; name = Base; path = Base.lproj/LaunchScreen.storyboard; sourceTree = "<group>"; };
		265AD81A1F59760B006FB471 /* Info.plist */ = {isa = PBXFileReference; lastKnownFileType = text.plist.xml; path = Info.plist; sourceTree = "<group>"; };
		265AD8201F59762E006FB471 /* NeariOSUI.framework */ = {isa = PBXFileReference; explicitFileType = wrapper.framework; path = NeariOSUI.framework; sourceTree = BUILT_PRODUCTS_DIR; };
		62B91B05286CA235BB0F3539 /* Pods-UI-ObjC-Sample.release.xcconfig */ = {isa = PBXFileReference; includeInIndex = 1; lastKnownFileType = text.xcconfig; name = "Pods-UI-ObjC-Sample.release.xcconfig"; path = "../Pods/Target Support Files/Pods-UI-ObjC-Sample/Pods-UI-ObjC-Sample.release.xcconfig"; sourceTree = "<group>"; };
		67FEAA642AB2402F08027EA6 /* Pods_UI_ObjC_Sample.framework */ = {isa = PBXFileReference; explicitFileType = wrapper.framework; includeInIndex = 0; path = Pods_UI_ObjC_Sample.framework; sourceTree = BUILT_PRODUCTS_DIR; };
		DACD0AC462712B14C80B9B4D /* Pods-UI-ObjC-Sample.debug.xcconfig */ = {isa = PBXFileReference; includeInIndex = 1; lastKnownFileType = text.xcconfig; name = "Pods-UI-ObjC-Sample.debug.xcconfig"; path = "../Pods/Target Support Files/Pods-UI-ObjC-Sample/Pods-UI-ObjC-Sample.debug.xcconfig"; sourceTree = "<group>"; };
/* End PBXFileReference section */

/* Begin PBXFrameworksBuildPhase section */
		265AD8031F59760B006FB471 /* Frameworks */ = {
			isa = PBXFrameworksBuildPhase;
			buildActionMask = 2147483647;
			files = (
				265AD8211F59762E006FB471 /* NeariOSUI.framework in Frameworks */,
				B1EC1B5E12018BE65F1E8D9E /* Pods_UI_ObjC_Sample.framework in Frameworks */,
			);
			runOnlyForDeploymentPostprocessing = 0;
		};
/* End PBXFrameworksBuildPhase section */

/* Begin PBXGroup section */
		265AD7FD1F59760B006FB471 = {
			isa = PBXGroup;
			children = (
				265AD8081F59760B006FB471 /* UI-ObjC-Sample */,
				265AD8241F598862006FB471 /* Frameworks */,
				265AD8071F59760B006FB471 /* Products */,
				3E6E7CD118FF4CE56A5460A0 /* Pods */,
			);
			sourceTree = "<group>";
		};
		265AD8071F59760B006FB471 /* Products */ = {
			isa = PBXGroup;
			children = (
				265AD8061F59760B006FB471 /* UI-ObjC-Sample.app */,
			);
			name = Products;
			sourceTree = "<group>";
		};
		265AD8081F59760B006FB471 /* UI-ObjC-Sample */ = {
			isa = PBXGroup;
			children = (
				265AD80C1F59760B006FB471 /* AppDelegate.h */,
				265AD80D1F59760B006FB471 /* AppDelegate.m */,
				265AD80F1F59760B006FB471 /* ViewController.h */,
				265AD8101F59760B006FB471 /* ViewController.m */,
				265AD8121F59760B006FB471 /* Main.storyboard */,
				265AD8151F59760B006FB471 /* Assets.xcassets */,
				265AD8171F59760B006FB471 /* LaunchScreen.storyboard */,
				265AD81A1F59760B006FB471 /* Info.plist */,
				265AD8091F59760B006FB471 /* Supporting Files */,
			);
			path = "UI-ObjC-Sample";
			sourceTree = "<group>";
		};
		265AD8091F59760B006FB471 /* Supporting Files */ = {
			isa = PBXGroup;
			children = (
				265AD80A1F59760B006FB471 /* main.m */,
			);
			name = "Supporting Files";
			sourceTree = "<group>";
		};
		265AD8241F598862006FB471 /* Frameworks */ = {
			isa = PBXGroup;
			children = (
				265AD8201F59762E006FB471 /* NeariOSUI.framework */,
				67FEAA642AB2402F08027EA6 /* Pods_UI_ObjC_Sample.framework */,
			);
			name = Frameworks;
			path = "UI-ObjC-Sample";
			sourceTree = "<group>";
		};
		3E6E7CD118FF4CE56A5460A0 /* Pods */ = {
			isa = PBXGroup;
			children = (
				DACD0AC462712B14C80B9B4D /* Pods-UI-ObjC-Sample.debug.xcconfig */,
				62B91B05286CA235BB0F3539 /* Pods-UI-ObjC-Sample.release.xcconfig */,
			);
			name = Pods;
			sourceTree = "<group>";
		};
/* End PBXGroup section */

/* Begin PBXNativeTarget section */
		265AD8051F59760B006FB471 /* UI-ObjC-Sample */ = {
			isa = PBXNativeTarget;
			buildConfigurationList = 265AD81D1F59760B006FB471 /* Build configuration list for PBXNativeTarget "UI-ObjC-Sample" */;
			buildPhases = (
				C35C9FEC59A6872F4AB297BA /* [CP] Check Pods Manifest.lock */,
				265AD8021F59760B006FB471 /* Sources */,
				265AD8031F59760B006FB471 /* Frameworks */,
				265AD8041F59760B006FB471 /* Resources */,
				265AD8231F59762E006FB471 /* Embed Frameworks */,
				E5594BBA965AA1E8BCB385A9 /* [CP] Embed Pods Frameworks */,
				84A514CE7C8ECD3748D14174 /* [CP] Copy Pods Resources */,
			);
			buildRules = (
			);
			dependencies = (
			);
			name = "UI-ObjC-Sample";
			productName = "UI-ObjC-Sample";
			productReference = 265AD8061F59760B006FB471 /* UI-ObjC-Sample.app */;
			productType = "com.apple.product-type.application";
		};
/* End PBXNativeTarget section */

/* Begin PBXProject section */
		265AD7FE1F59760B006FB471 /* Project object */ = {
			isa = PBXProject;
			attributes = {
				LastUpgradeCheck = 0830;
				ORGANIZATIONNAME = Near;
				TargetAttributes = {
					265AD8051F59760B006FB471 = {
						CreatedOnToolsVersion = 8.3.3;
						DevelopmentTeam = C8YW5Q8LEU;
						ProvisioningStyle = Automatic;
					};
				};
			};
			buildConfigurationList = 265AD8011F59760B006FB471 /* Build configuration list for PBXProject "UI-ObjC-Sample" */;
			compatibilityVersion = "Xcode 3.2";
			developmentRegion = English;
			hasScannedForEncodings = 0;
			knownRegions = (
				en,
				Base,
			);
			mainGroup = 265AD7FD1F59760B006FB471;
			productRefGroup = 265AD8071F59760B006FB471 /* Products */;
			projectDirPath = "";
			projectRoot = "";
			targets = (
				265AD8051F59760B006FB471 /* UI-ObjC-Sample */,
			);
		};
/* End PBXProject section */

/* Begin PBXResourcesBuildPhase section */
		265AD8041F59760B006FB471 /* Resources */ = {
			isa = PBXResourcesBuildPhase;
			buildActionMask = 2147483647;
			files = (
				265AD8191F59760B006FB471 /* LaunchScreen.storyboard in Resources */,
				265AD8161F59760B006FB471 /* Assets.xcassets in Resources */,
				265AD8141F59760B006FB471 /* Main.storyboard in Resources */,
			);
			runOnlyForDeploymentPostprocessing = 0;
		};
/* End PBXResourcesBuildPhase section */

/* Begin PBXShellScriptBuildPhase section */
		84A514CE7C8ECD3748D14174 /* [CP] Copy Pods Resources */ = {
			isa = PBXShellScriptBuildPhase;
			buildActionMask = 2147483647;
			files = (
			);
			inputPaths = (
			);
			name = "[CP] Copy Pods Resources";
			outputPaths = (
			);
			runOnlyForDeploymentPostprocessing = 0;
			shellPath = /bin/sh;
			shellScript = "\"${SRCROOT}/../Pods/Target Support Files/Pods-UI-ObjC-Sample/Pods-UI-ObjC-Sample-resources.sh\"\n";
			showEnvVarsInLog = 0;
		};
		C35C9FEC59A6872F4AB297BA /* [CP] Check Pods Manifest.lock */ = {
			isa = PBXShellScriptBuildPhase;
			buildActionMask = 2147483647;
			files = (
			);
			inputPaths = (
				"${PODS_PODFILE_DIR_PATH}/Podfile.lock",
				"${PODS_ROOT}/Manifest.lock",
			);
			name = "[CP] Check Pods Manifest.lock";
			outputPaths = (
				"$(DERIVED_FILE_DIR)/Pods-UI-ObjC-Sample-checkManifestLockResult.txt",
			);
			runOnlyForDeploymentPostprocessing = 0;
			shellPath = /bin/sh;
			shellScript = "diff \"${PODS_PODFILE_DIR_PATH}/Podfile.lock\" \"${PODS_ROOT}/Manifest.lock\" > /dev/null\nif [ $? != 0 ] ; then\n    # print error to STDERR\n    echo \"error: The sandbox is not in sync with the Podfile.lock. Run 'pod install' or update your CocoaPods installation.\" >&2\n    exit 1\nfi\n# This output is used by Xcode 'outputs' to avoid re-running this script phase.\necho \"SUCCESS\" > \"${SCRIPT_OUTPUT_FILE_0}\"\n";
			showEnvVarsInLog = 0;
		};
		E5594BBA965AA1E8BCB385A9 /* [CP] Embed Pods Frameworks */ = {
			isa = PBXShellScriptBuildPhase;
			buildActionMask = 2147483647;
			files = (
			);
			inputPaths = (
				"${SRCROOT}/../Pods/Target Support Files/Pods-UI-ObjC-Sample/Pods-UI-ObjC-Sample-frameworks.sh",
				"${BUILT_PRODUCTS_DIR}/NearITSDK/NearITSDK.framework",
			);
			name = "[CP] Embed Pods Frameworks";
			outputPaths = (
				"${TARGET_BUILD_DIR}/${FRAMEWORKS_FOLDER_PATH}/NearITSDK.framework",
			);
			runOnlyForDeploymentPostprocessing = 0;
			shellPath = /bin/sh;
			shellScript = "\"${SRCROOT}/../Pods/Target Support Files/Pods-UI-ObjC-Sample/Pods-UI-ObjC-Sample-frameworks.sh\"\n";
			showEnvVarsInLog = 0;
		};
/* End PBXShellScriptBuildPhase section */

/* Begin PBXSourcesBuildPhase section */
		265AD8021F59760B006FB471 /* Sources */ = {
			isa = PBXSourcesBuildPhase;
			buildActionMask = 2147483647;
			files = (
				265AD8111F59760B006FB471 /* ViewController.m in Sources */,
				265AD80E1F59760B006FB471 /* AppDelegate.m in Sources */,
				265AD80B1F59760B006FB471 /* main.m in Sources */,
			);
			runOnlyForDeploymentPostprocessing = 0;
		};
/* End PBXSourcesBuildPhase section */

/* Begin PBXVariantGroup section */
		265AD8121F59760B006FB471 /* Main.storyboard */ = {
			isa = PBXVariantGroup;
			children = (
				265AD8131F59760B006FB471 /* Base */,
			);
			name = Main.storyboard;
			sourceTree = "<group>";
		};
		265AD8171F59760B006FB471 /* LaunchScreen.storyboard */ = {
			isa = PBXVariantGroup;
			children = (
				265AD8181F59760B006FB471 /* Base */,
			);
			name = LaunchScreen.storyboard;
			sourceTree = "<group>";
		};
/* End PBXVariantGroup section */

/* Begin XCBuildConfiguration section */
		265AD81B1F59760B006FB471 /* Debug */ = {
			isa = XCBuildConfiguration;
			buildSettings = {
				ALWAYS_SEARCH_USER_PATHS = NO;
				CLANG_ANALYZER_NONNULL = YES;
				CLANG_ANALYZER_NUMBER_OBJECT_CONVERSION = YES_AGGRESSIVE;
				CLANG_CXX_LANGUAGE_STANDARD = "gnu++0x";
				CLANG_CXX_LIBRARY = "libc++";
				CLANG_ENABLE_MODULES = YES;
				CLANG_ENABLE_OBJC_ARC = YES;
				CLANG_WARN_BOOL_CONVERSION = YES;
				CLANG_WARN_CONSTANT_CONVERSION = YES;
				CLANG_WARN_DIRECT_OBJC_ISA_USAGE = YES_ERROR;
				CLANG_WARN_DOCUMENTATION_COMMENTS = YES;
				CLANG_WARN_EMPTY_BODY = YES;
				CLANG_WARN_ENUM_CONVERSION = YES;
				CLANG_WARN_INFINITE_RECURSION = YES;
				CLANG_WARN_INT_CONVERSION = YES;
				CLANG_WARN_OBJC_ROOT_CLASS = YES_ERROR;
				CLANG_WARN_SUSPICIOUS_MOVE = YES;
				CLANG_WARN_UNREACHABLE_CODE = YES;
				CLANG_WARN__DUPLICATE_METHOD_MATCH = YES;
				"CODE_SIGN_IDENTITY[sdk=iphoneos*]" = "iPhone Developer";
				COPY_PHASE_STRIP = NO;
				DEBUG_INFORMATION_FORMAT = dwarf;
				ENABLE_STRICT_OBJC_MSGSEND = YES;
				ENABLE_TESTABILITY = YES;
				GCC_C_LANGUAGE_STANDARD = gnu99;
				GCC_DYNAMIC_NO_PIC = NO;
				GCC_NO_COMMON_BLOCKS = YES;
				GCC_OPTIMIZATION_LEVEL = 0;
				GCC_PREPROCESSOR_DEFINITIONS = (
					"DEBUG=1",
					"$(inherited)",
				);
				GCC_WARN_64_TO_32_BIT_CONVERSION = YES;
				GCC_WARN_ABOUT_RETURN_TYPE = YES_ERROR;
				GCC_WARN_UNDECLARED_SELECTOR = YES;
				GCC_WARN_UNINITIALIZED_AUTOS = YES_AGGRESSIVE;
				GCC_WARN_UNUSED_FUNCTION = YES;
				GCC_WARN_UNUSED_VARIABLE = YES;
				IPHONEOS_DEPLOYMENT_TARGET = 10.3;
				MTL_ENABLE_DEBUG_INFO = YES;
				ONLY_ACTIVE_ARCH = YES;
				SDKROOT = iphoneos;
				TARGETED_DEVICE_FAMILY = "1,2";
			};
			name = Debug;
		};
		265AD81C1F59760B006FB471 /* Release */ = {
			isa = XCBuildConfiguration;
			buildSettings = {
				ALWAYS_SEARCH_USER_PATHS = NO;
				CLANG_ANALYZER_NONNULL = YES;
				CLANG_ANALYZER_NUMBER_OBJECT_CONVERSION = YES_AGGRESSIVE;
				CLANG_CXX_LANGUAGE_STANDARD = "gnu++0x";
				CLANG_CXX_LIBRARY = "libc++";
				CLANG_ENABLE_MODULES = YES;
				CLANG_ENABLE_OBJC_ARC = YES;
				CLANG_WARN_BOOL_CONVERSION = YES;
				CLANG_WARN_CONSTANT_CONVERSION = YES;
				CLANG_WARN_DIRECT_OBJC_ISA_USAGE = YES_ERROR;
				CLANG_WARN_DOCUMENTATION_COMMENTS = YES;
				CLANG_WARN_EMPTY_BODY = YES;
				CLANG_WARN_ENUM_CONVERSION = YES;
				CLANG_WARN_INFINITE_RECURSION = YES;
				CLANG_WARN_INT_CONVERSION = YES;
				CLANG_WARN_OBJC_ROOT_CLASS = YES_ERROR;
				CLANG_WARN_SUSPICIOUS_MOVE = YES;
				CLANG_WARN_UNREACHABLE_CODE = YES;
				CLANG_WARN__DUPLICATE_METHOD_MATCH = YES;
				"CODE_SIGN_IDENTITY[sdk=iphoneos*]" = "iPhone Developer";
				COPY_PHASE_STRIP = NO;
				DEBUG_INFORMATION_FORMAT = "dwarf-with-dsym";
				ENABLE_NS_ASSERTIONS = NO;
				ENABLE_STRICT_OBJC_MSGSEND = YES;
				GCC_C_LANGUAGE_STANDARD = gnu99;
				GCC_NO_COMMON_BLOCKS = YES;
				GCC_WARN_64_TO_32_BIT_CONVERSION = YES;
				GCC_WARN_ABOUT_RETURN_TYPE = YES_ERROR;
				GCC_WARN_UNDECLARED_SELECTOR = YES;
				GCC_WARN_UNINITIALIZED_AUTOS = YES_AGGRESSIVE;
				GCC_WARN_UNUSED_FUNCTION = YES;
				GCC_WARN_UNUSED_VARIABLE = YES;
				IPHONEOS_DEPLOYMENT_TARGET = 10.3;
				MTL_ENABLE_DEBUG_INFO = NO;
				SDKROOT = iphoneos;
				TARGETED_DEVICE_FAMILY = "1,2";
				VALIDATE_PRODUCT = YES;
			};
			name = Release;
		};
		265AD81E1F59760B006FB471 /* Debug */ = {
			isa = XCBuildConfiguration;
			baseConfigurationReference = DACD0AC462712B14C80B9B4D /* Pods-UI-ObjC-Sample.debug.xcconfig */;
			buildSettings = {
				ALWAYS_EMBED_SWIFT_STANDARD_LIBRARIES = YES;
				ASSETCATALOG_COMPILER_APPICON_NAME = AppIcon;
				DEVELOPMENT_TEAM = C8YW5Q8LEU;
				INFOPLIST_FILE = "UI-ObjC-Sample/Info.plist";
				IPHONEOS_DEPLOYMENT_TARGET = 9.0;
				LD_RUNPATH_SEARCH_PATHS = "$(inherited) @executable_path/Frameworks";
				PRODUCT_BUNDLE_IDENTIFIER = "com.near.UI-ObjC-Sample";
				PRODUCT_NAME = "$(TARGET_NAME)";
			};
			name = Debug;
		};
		265AD81F1F59760B006FB471 /* Release */ = {
			isa = XCBuildConfiguration;
			baseConfigurationReference = 62B91B05286CA235BB0F3539 /* Pods-UI-ObjC-Sample.release.xcconfig */;
			buildSettings = {
				ALWAYS_EMBED_SWIFT_STANDARD_LIBRARIES = YES;
				ASSETCATALOG_COMPILER_APPICON_NAME = AppIcon;
				DEVELOPMENT_TEAM = C8YW5Q8LEU;
				INFOPLIST_FILE = "UI-ObjC-Sample/Info.plist";
				IPHONEOS_DEPLOYMENT_TARGET = 9.0;
				LD_RUNPATH_SEARCH_PATHS = "$(inherited) @executable_path/Frameworks";
				PRODUCT_BUNDLE_IDENTIFIER = "com.near.UI-ObjC-Sample";
				PRODUCT_NAME = "$(TARGET_NAME)";
			};
			name = Release;
		};
/* End XCBuildConfiguration section */

/* Begin XCConfigurationList section */
		265AD8011F59760B006FB471 /* Build configuration list for PBXProject "UI-ObjC-Sample" */ = {
			isa = XCConfigurationList;
			buildConfigurations = (
				265AD81B1F59760B006FB471 /* Debug */,
				265AD81C1F59760B006FB471 /* Release */,
			);
			defaultConfigurationIsVisible = 0;
			defaultConfigurationName = Release;
		};
		265AD81D1F59760B006FB471 /* Build configuration list for PBXNativeTarget "UI-ObjC-Sample" */ = {
			isa = XCConfigurationList;
			buildConfigurations = (
				265AD81E1F59760B006FB471 /* Debug */,
				265AD81F1F59760B006FB471 /* Release */,
			);
			defaultConfigurationIsVisible = 0;
		};
/* End XCConfigurationList section */
	};
	rootObject = 265AD7FE1F59760B006FB471 /* Project object */;
}
